// !$*UTF8*$!
{
	archiveVersion = 1;
	classes = {
	};
	objectVersion = 46;
	objects = {

/* Begin PBXAggregateTarget section */
		203FB7FA1B410DE0000D3B43 /* Documentation */ = {
			isa = PBXAggregateTarget;
			buildConfigurationList = 203FB7FB1B410DE0000D3B43 /* Build configuration list for PBXAggregateTarget "Documentation" */;
			buildPhases = (
				203FB7FE1B410E30000D3B43 /* ShellScript */,
			);
			dependencies = (
			);
			name = Documentation;
			productName = Documentation;
		};
/* End PBXAggregateTarget section */

/* Begin PBXBuildFile section */
		200B625B1AD7FB460049E35C /* curry.h in Headers */ = {isa = PBXBuildFile; fileRef = 200B625A1AD7FB460049E35C /* curry.h */; settings = {ATTRIBUTES = (Public, ); }; };
		200B62611AD7FB460049E35C /* curry.framework in Frameworks */ = {isa = PBXBuildFile; fileRef = 200B62551AD7FB460049E35C /* curry.framework */; };
		200B62681AD7FB460049E35C /* curryTests.m in Sources */ = {isa = PBXBuildFile; fileRef = 200B62671AD7FB460049E35C /* curryTests.m */; };
		200B62741AD7FBDC0049E35C /* TKFoundation.h in Headers */ = {isa = PBXBuildFile; fileRef = 200B62721AD7FBDC0049E35C /* TKFoundation.h */; settings = {ATTRIBUTES = (Public, ); }; };
		200B62881AD7FC5E0049E35C /* NSObject+TKCategory.h in Headers */ = {isa = PBXBuildFile; fileRef = 200B62761AD7FC5E0049E35C /* NSObject+TKCategory.h */; settings = {ATTRIBUTES = (Public, ); }; };
		200B62891AD7FC5E0049E35C /* NSObject+TKCategory.m in Sources */ = {isa = PBXBuildFile; fileRef = 200B62771AD7FC5E0049E35C /* NSObject+TKCategory.m */; };
		200B628A1AD7FC5E0049E35C /* NSString+TKCategory.h in Headers */ = {isa = PBXBuildFile; fileRef = 200B62781AD7FC5E0049E35C /* NSString+TKCategory.h */; settings = {ATTRIBUTES = (Public, ); }; };
		200B628B1AD7FC5E0049E35C /* NSString+TKCategory.m in Sources */ = {isa = PBXBuildFile; fileRef = 200B62791AD7FC5E0049E35C /* NSString+TKCategory.m */; };
		200B628C1AD7FC5E0049E35C /* NSArray+TKCategory.h in Headers */ = {isa = PBXBuildFile; fileRef = 200B627A1AD7FC5E0049E35C /* NSArray+TKCategory.h */; settings = {ATTRIBUTES = (Public, ); }; };
		200B628D1AD7FC5E0049E35C /* NSArray+TKCategory.m in Sources */ = {isa = PBXBuildFile; fileRef = 200B627B1AD7FC5E0049E35C /* NSArray+TKCategory.m */; };
		200B628E1AD7FC5E0049E35C /* NSMutableArray+TKCategory.h in Headers */ = {isa = PBXBuildFile; fileRef = 200B627C1AD7FC5E0049E35C /* NSMutableArray+TKCategory.h */; settings = {ATTRIBUTES = (Public, ); }; };
		200B628F1AD7FC5E0049E35C /* NSMutableArray+TKCategory.m in Sources */ = {isa = PBXBuildFile; fileRef = 200B627D1AD7FC5E0049E35C /* NSMutableArray+TKCategory.m */; };
		200B62921AD7FC5E0049E35C /* NSAttributedString+TKCategory.h in Headers */ = {isa = PBXBuildFile; fileRef = 200B62801AD7FC5E0049E35C /* NSAttributedString+TKCategory.h */; settings = {ATTRIBUTES = (Public, ); }; };
		200B62931AD7FC5E0049E35C /* NSAttributedString+TKCategory.m in Sources */ = {isa = PBXBuildFile; fileRef = 200B62811AD7FC5E0049E35C /* NSAttributedString+TKCategory.m */; };
		200B62941AD7FC5E0049E35C /* NSMutableAttributedString+TKCategory.h in Headers */ = {isa = PBXBuildFile; fileRef = 200B62821AD7FC5E0049E35C /* NSMutableAttributedString+TKCategory.h */; settings = {ATTRIBUTES = (Public, ); }; };
		200B62951AD7FC5E0049E35C /* NSMutableAttributedString+TKCategory.m in Sources */ = {isa = PBXBuildFile; fileRef = 200B62831AD7FC5E0049E35C /* NSMutableAttributedString+TKCategory.m */; };
		200B62961AD7FC5E0049E35C /* UIDevice+TKCategory.h in Headers */ = {isa = PBXBuildFile; fileRef = 200B62841AD7FC5E0049E35C /* UIDevice+TKCategory.h */; settings = {ATTRIBUTES = (Public, ); }; };
		200B62971AD7FC5E0049E35C /* UIDevice+TKCategory.m in Sources */ = {isa = PBXBuildFile; fileRef = 200B62851AD7FC5E0049E35C /* UIDevice+TKCategory.m */; };
		200B62981AD7FC5E0049E35C /* UIView+TKCategory.h in Headers */ = {isa = PBXBuildFile; fileRef = 200B62861AD7FC5E0049E35C /* UIView+TKCategory.h */; settings = {ATTRIBUTES = (Public, ); }; };
		200B62991AD7FC5E0049E35C /* UIView+TKCategory.m in Sources */ = {isa = PBXBuildFile; fileRef = 200B62871AD7FC5E0049E35C /* UIView+TKCategory.m */; };
		200B629D1AD7FD660049E35C /* NSObject+JSON.h in Headers */ = {isa = PBXBuildFile; fileRef = 200B629B1AD7FD660049E35C /* NSObject+JSON.h */; settings = {ATTRIBUTES = (Public, ); }; };
		200B629E1AD7FD660049E35C /* NSObject+JSON.m in Sources */ = {isa = PBXBuildFile; fileRef = 200B629C1AD7FD660049E35C /* NSObject+JSON.m */; };
		200B62A71AD7FE0D0049E35C /* UIView+TKAnimation.h in Headers */ = {isa = PBXBuildFile; fileRef = 200B629F1AD7FE0D0049E35C /* UIView+TKAnimation.h */; settings = {ATTRIBUTES = (Public, ); }; };
		200B62A81AD7FE0D0049E35C /* UIView+TKAnimation.m in Sources */ = {isa = PBXBuildFile; fileRef = 200B62A01AD7FE0D0049E35C /* UIView+TKAnimation.m */; };
		200B62A91AD7FE0D0049E35C /* CALayer+TKAnimation.h in Headers */ = {isa = PBXBuildFile; fileRef = 200B62A11AD7FE0D0049E35C /* CALayer+TKAnimation.h */; settings = {ATTRIBUTES = (Public, ); }; };
		200B62AA1AD7FE0D0049E35C /* CALayer+TKAnimation.m in Sources */ = {isa = PBXBuildFile; fileRef = 200B62A21AD7FE0D0049E35C /* CALayer+TKAnimation.m */; };
		200B62AB1AD7FE0D0049E35C /* CAKeyframeAnimation+TKAnimation.h in Headers */ = {isa = PBXBuildFile; fileRef = 200B62A31AD7FE0D0049E35C /* CAKeyframeAnimation+TKAnimation.h */; settings = {ATTRIBUTES = (Public, ); }; };
		200B62AC1AD7FE0D0049E35C /* CAKeyframeAnimation+TKAnimation.m in Sources */ = {isa = PBXBuildFile; fileRef = 200B62A41AD7FE0D0049E35C /* CAKeyframeAnimation+TKAnimation.m */; };
		200B62AD1AD7FE0D0049E35C /* CAAnimation+TKAnimation.h in Headers */ = {isa = PBXBuildFile; fileRef = 200B62A51AD7FE0D0049E35C /* CAAnimation+TKAnimation.h */; settings = {ATTRIBUTES = (Public, ); }; };
		200B62AE1AD7FE0D0049E35C /* CAAnimation+TKAnimation.m in Sources */ = {isa = PBXBuildFile; fileRef = 200B62A61AD7FE0D0049E35C /* CAAnimation+TKAnimation.m */; };
		200B62D61AD7FEF80049E35C /* UIImage+TKCategory.h in Headers */ = {isa = PBXBuildFile; fileRef = 200B62B41AD7FEF80049E35C /* UIImage+TKCategory.h */; settings = {ATTRIBUTES = (Public, ); }; };
		200B62D71AD7FEF80049E35C /* UIImage+TKCategory.m in Sources */ = {isa = PBXBuildFile; fileRef = 200B62B51AD7FEF80049E35C /* UIImage+TKCategory.m */; };
		200B62D81AD7FEF80049E35C /* UITextField+TKCategory.h in Headers */ = {isa = PBXBuildFile; fileRef = 200B62B61AD7FEF80049E35C /* UITextField+TKCategory.h */; settings = {ATTRIBUTES = (Public, ); }; };
		200B62D91AD7FEF80049E35C /* UITextField+TKCategory.m in Sources */ = {isa = PBXBuildFile; fileRef = 200B62B71AD7FEF80049E35C /* UITextField+TKCategory.m */; };
		200B62DA1AD7FEF80049E35C /* UIImageView+TKCategory.h in Headers */ = {isa = PBXBuildFile; fileRef = 200B62B81AD7FEF80049E35C /* UIImageView+TKCategory.h */; settings = {ATTRIBUTES = (Public, ); }; };
		200B62DB1AD7FEF80049E35C /* UIImageView+TKCategory.m in Sources */ = {isa = PBXBuildFile; fileRef = 200B62B91AD7FEF80049E35C /* UIImageView+TKCategory.m */; };
		200B62DC1AD7FEF80049E35C /* UIButton+TKCategory.h in Headers */ = {isa = PBXBuildFile; fileRef = 200B62BA1AD7FEF80049E35C /* UIButton+TKCategory.h */; settings = {ATTRIBUTES = (Public, ); }; };
		200B62DD1AD7FEF80049E35C /* UIButton+TKCategory.m in Sources */ = {isa = PBXBuildFile; fileRef = 200B62BB1AD7FEF80049E35C /* UIButton+TKCategory.m */; };
		200B62DE1AD7FEF80049E35C /* UIColor+TKCategory.h in Headers */ = {isa = PBXBuildFile; fileRef = 200B62BC1AD7FEF80049E35C /* UIColor+TKCategory.h */; settings = {ATTRIBUTES = (Public, ); }; };
		200B62DF1AD7FEF80049E35C /* UIColor+TKCategory.m in Sources */ = {isa = PBXBuildFile; fileRef = 200B62BD1AD7FEF80049E35C /* UIColor+TKCategory.m */; };
		200B62E01AD7FEF80049E35C /* UIScrollview+TKCategory.h in Headers */ = {isa = PBXBuildFile; fileRef = 200B62BE1AD7FEF80049E35C /* UIScrollview+TKCategory.h */; settings = {ATTRIBUTES = (Public, ); }; };
		200B62E11AD7FEF80049E35C /* UIScrollview+TKCategory.m in Sources */ = {isa = PBXBuildFile; fileRef = 200B62BF1AD7FEF80049E35C /* UIScrollview+TKCategory.m */; };
		200B62E21AD7FEF80049E35C /* UIBarButtonItem+TKCategory.h in Headers */ = {isa = PBXBuildFile; fileRef = 200B62C01AD7FEF80049E35C /* UIBarButtonItem+TKCategory.h */; settings = {ATTRIBUTES = (Public, ); }; };
		200B62E31AD7FEF80049E35C /* UIBarButtonItem+TKCategory.m in Sources */ = {isa = PBXBuildFile; fileRef = 200B62C11AD7FEF80049E35C /* UIBarButtonItem+TKCategory.m */; };
		200B62E41AD7FEF80049E35C /* UIImagePickerController+TKCategory.h in Headers */ = {isa = PBXBuildFile; fileRef = 200B62C21AD7FEF80049E35C /* UIImagePickerController+TKCategory.h */; settings = {ATTRIBUTES = (Public, ); }; };
		200B62E51AD7FEF80049E35C /* UIImagePickerController+TKCategory.m in Sources */ = {isa = PBXBuildFile; fileRef = 200B62C31AD7FEF80049E35C /* UIImagePickerController+TKCategory.m */; };
		200B62E61AD7FEF80049E35C /* UIGestureRecognizer+TKCategory.h in Headers */ = {isa = PBXBuildFile; fileRef = 200B62C41AD7FEF80049E35C /* UIGestureRecognizer+TKCategory.h */; settings = {ATTRIBUTES = (Public, ); }; };
		200B62E71AD7FEF80049E35C /* UIGestureRecognizer+TKCategory.m in Sources */ = {isa = PBXBuildFile; fileRef = 200B62C51AD7FEF80049E35C /* UIGestureRecognizer+TKCategory.m */; };
		200B62E81AD7FEF80049E35C /* UIViewController+TKCategory.h in Headers */ = {isa = PBXBuildFile; fileRef = 200B62C61AD7FEF80049E35C /* UIViewController+TKCategory.h */; settings = {ATTRIBUTES = (Public, ); }; };
		200B62E91AD7FEF80049E35C /* UIViewController+TKCategory.m in Sources */ = {isa = PBXBuildFile; fileRef = 200B62C71AD7FEF80049E35C /* UIViewController+TKCategory.m */; };
		200B62EA1AD7FEF80049E35C /* UIScreen+TKCategory.h in Headers */ = {isa = PBXBuildFile; fileRef = 200B62C81AD7FEF80049E35C /* UIScreen+TKCategory.h */; settings = {ATTRIBUTES = (Public, ); }; };
		200B62EB1AD7FEF80049E35C /* UIScreen+TKCategory.m in Sources */ = {isa = PBXBuildFile; fileRef = 200B62C91AD7FEF80049E35C /* UIScreen+TKCategory.m */; };
		200B62EC1AD7FEF80049E35C /* UILabel+TKCategory.h in Headers */ = {isa = PBXBuildFile; fileRef = 200B62CA1AD7FEF80049E35C /* UILabel+TKCategory.h */; settings = {ATTRIBUTES = (Public, ); }; };
		200B62ED1AD7FEF80049E35C /* UILabel+TKCategory.m in Sources */ = {isa = PBXBuildFile; fileRef = 200B62CB1AD7FEF80049E35C /* UILabel+TKCategory.m */; };
		200B62EE1AD7FEF80049E35C /* UIAlertView+TKCategory.h in Headers */ = {isa = PBXBuildFile; fileRef = 200B62CC1AD7FEF80049E35C /* UIAlertView+TKCategory.h */; settings = {ATTRIBUTES = (Public, ); }; };
		200B62EF1AD7FEF80049E35C /* UIAlertView+TKCategory.m in Sources */ = {isa = PBXBuildFile; fileRef = 200B62CD1AD7FEF80049E35C /* UIAlertView+TKCategory.m */; };
		200B62F01AD7FEF80049E35C /* UIActionSheet+TKCategory.h in Headers */ = {isa = PBXBuildFile; fileRef = 200B62CE1AD7FEF80049E35C /* UIActionSheet+TKCategory.h */; settings = {ATTRIBUTES = (Public, ); }; };
		200B62F11AD7FEF80049E35C /* UIActionSheet+TKCategory.m in Sources */ = {isa = PBXBuildFile; fileRef = 200B62CF1AD7FEF80049E35C /* UIActionSheet+TKCategory.m */; };
		200B62F21AD7FEF80049E35C /* UIFont+TKCategory.h in Headers */ = {isa = PBXBuildFile; fileRef = 200B62D01AD7FEF80049E35C /* UIFont+TKCategory.h */; settings = {ATTRIBUTES = (Public, ); }; };
		200B62F31AD7FEF80049E35C /* UIFont+TKCategory.m in Sources */ = {isa = PBXBuildFile; fileRef = 200B62D11AD7FEF80049E35C /* UIFont+TKCategory.m */; };
		200B62F41AD7FEF80049E35C /* UINavigationBar+TKCategory.h in Headers */ = {isa = PBXBuildFile; fileRef = 200B62D21AD7FEF80049E35C /* UINavigationBar+TKCategory.h */; settings = {ATTRIBUTES = (Public, ); }; };
		200B62F51AD7FEF80049E35C /* UINavigationBar+TKCategory.m in Sources */ = {isa = PBXBuildFile; fileRef = 200B62D31AD7FEF80049E35C /* UINavigationBar+TKCategory.m */; };
		200B62F61AD7FEF80049E35C /* UIApplication+TKCategory.h in Headers */ = {isa = PBXBuildFile; fileRef = 200B62D41AD7FEF80049E35C /* UIApplication+TKCategory.h */; settings = {ATTRIBUTES = (Public, ); }; };
		200B62F71AD7FEF80049E35C /* UIApplication+TKCategory.m in Sources */ = {isa = PBXBuildFile; fileRef = 200B62D51AD7FEF80049E35C /* UIApplication+TKCategory.m */; };
		200B630A1AD804350049E35C /* TKTableViewController.h in Headers */ = {isa = PBXBuildFile; fileRef = 200B62FE1AD804340049E35C /* TKTableViewController.h */; settings = {ATTRIBUTES = (Public, ); }; };
		200B630B1AD804350049E35C /* TKTableViewController.m in Sources */ = {isa = PBXBuildFile; fileRef = 200B62FF1AD804340049E35C /* TKTableViewController.m */; };
		200B630C1AD804350049E35C /* TKKeyboardTableViewController.h in Headers */ = {isa = PBXBuildFile; fileRef = 200B63001AD804340049E35C /* TKKeyboardTableViewController.h */; settings = {ATTRIBUTES = (Public, ); }; };
		200B630D1AD804350049E35C /* TKKeyboardTableViewController.m in Sources */ = {isa = PBXBuildFile; fileRef = 200B63011AD804340049E35C /* TKKeyboardTableViewController.m */; };
		200B63101AD804350049E35C /* TKWebViewController.h in Headers */ = {isa = PBXBuildFile; fileRef = 200B63041AD804340049E35C /* TKWebViewController.h */; settings = {ATTRIBUTES = (Public, ); }; };
		200B63111AD804350049E35C /* TKWebViewController.m in Sources */ = {isa = PBXBuildFile; fileRef = 200B63051AD804340049E35C /* TKWebViewController.m */; };
		200B63121AD804350049E35C /* TKGradientView.h in Headers */ = {isa = PBXBuildFile; fileRef = 200B63061AD804340049E35C /* TKGradientView.h */; settings = {ATTRIBUTES = (Public, ); }; };
		200B63131AD804350049E35C /* TKGradientView.m in Sources */ = {isa = PBXBuildFile; fileRef = 200B63071AD804340049E35C /* TKGradientView.m */; };
		200B63141AD804350049E35C /* TKShapeView.h in Headers */ = {isa = PBXBuildFile; fileRef = 200B63081AD804340049E35C /* TKShapeView.h */; settings = {ATTRIBUTES = (Public, ); }; };
		200B63151AD804350049E35C /* TKShapeView.m in Sources */ = {isa = PBXBuildFile; fileRef = 200B63091AD804340049E35C /* TKShapeView.m */; };
		200B631A1AD804400049E35C /* TKExtendedScrollView.h in Headers */ = {isa = PBXBuildFile; fileRef = 200B63161AD804400049E35C /* TKExtendedScrollView.h */; settings = {ATTRIBUTES = (Public, ); }; };
		200B631B1AD804400049E35C /* TKExtendedScrollView.m in Sources */ = {isa = PBXBuildFile; fileRef = 200B63171AD804400049E35C /* TKExtendedScrollView.m */; };
		200B631C1AD804400049E35C /* TKSoundAlertController.h in Headers */ = {isa = PBXBuildFile; fileRef = 200B63181AD804400049E35C /* TKSoundAlertController.h */; settings = {ATTRIBUTES = (Public, ); }; };
		200B631D1AD804400049E35C /* TKSoundAlertController.m in Sources */ = {isa = PBXBuildFile; fileRef = 200B63191AD804400049E35C /* TKSoundAlertController.m */; };
		200B63201AD804E30049E35C /* TKCardModalViewController.h in Headers */ = {isa = PBXBuildFile; fileRef = 200B631E1AD804E30049E35C /* TKCardModalViewController.h */; settings = {ATTRIBUTES = (Public, ); }; };
		200B63211AD804E30049E35C /* TKCardModalViewController.m in Sources */ = {isa = PBXBuildFile; fileRef = 200B631F1AD804E30049E35C /* TKCardModalViewController.m */; };
		202DBE711AF4121C00B0CE67 /* TKCustomPresentationViewController.h in Headers */ = {isa = PBXBuildFile; fileRef = 202DBE6F1AF4121C00B0CE67 /* TKCustomPresentationViewController.h */; settings = {ATTRIBUTES = (Public, ); }; };
		202DBE721AF4121C00B0CE67 /* TKCustomPresentationViewController.m in Sources */ = {isa = PBXBuildFile; fileRef = 202DBE701AF4121C00B0CE67 /* TKCustomPresentationViewController.m */; };
		202DBEB91AF4347A00B0CE67 /* TKInputView.h in Headers */ = {isa = PBXBuildFile; fileRef = 202DBEAD1AF4347A00B0CE67 /* TKInputView.h */; settings = {ATTRIBUTES = (Public, ); }; };
		202DBEBA1AF4347A00B0CE67 /* TKInputView.m in Sources */ = {isa = PBXBuildFile; fileRef = 202DBEAE1AF4347A00B0CE67 /* TKInputView.m */; };
		202DBEBB1AF4347A00B0CE67 /* TKInputKey.h in Headers */ = {isa = PBXBuildFile; fileRef = 202DBEAF1AF4347A00B0CE67 /* TKInputKey.h */; settings = {ATTRIBUTES = (Public, ); }; };
		202DBEBC1AF4347A00B0CE67 /* TKInputKey.m in Sources */ = {isa = PBXBuildFile; fileRef = 202DBEB01AF4347A00B0CE67 /* TKInputKey.m */; };
		202DBEBD1AF4347A00B0CE67 /* TKNumberInputView.h in Headers */ = {isa = PBXBuildFile; fileRef = 202DBEB11AF4347A00B0CE67 /* TKNumberInputView.h */; settings = {ATTRIBUTES = (Public, ); }; };
		202DBEBE1AF4347A00B0CE67 /* TKNumberInputView.m in Sources */ = {isa = PBXBuildFile; fileRef = 202DBEB21AF4347A00B0CE67 /* TKNumberInputView.m */; };
		202DBEBF1AF4347A00B0CE67 /* TKDecimalInputView.h in Headers */ = {isa = PBXBuildFile; fileRef = 202DBEB31AF4347A00B0CE67 /* TKDecimalInputView.h */; settings = {ATTRIBUTES = (Public, ); }; };
		202DBEC01AF4347A00B0CE67 /* TKDecimalInputView.m in Sources */ = {isa = PBXBuildFile; fileRef = 202DBEB41AF4347A00B0CE67 /* TKDecimalInputView.m */; };
		202DBEC11AF4347A00B0CE67 /* TKNumberInputWithNextKeyView.h in Headers */ = {isa = PBXBuildFile; fileRef = 202DBEB51AF4347A00B0CE67 /* TKNumberInputWithNextKeyView.h */; settings = {ATTRIBUTES = (Public, ); }; };
		202DBEC21AF4347A00B0CE67 /* TKNumberInputWithNextKeyView.m in Sources */ = {isa = PBXBuildFile; fileRef = 202DBEB61AF4347A00B0CE67 /* TKNumberInputWithNextKeyView.m */; };
		202DBEC31AF4347A00B0CE67 /* TKDecimalInputWithNextKeyView.h in Headers */ = {isa = PBXBuildFile; fileRef = 202DBEB71AF4347A00B0CE67 /* TKDecimalInputWithNextKeyView.h */; settings = {ATTRIBUTES = (Public, ); }; };
		202DBEC41AF4347A00B0CE67 /* TKDecimalInputWithNextKeyView.m in Sources */ = {isa = PBXBuildFile; fileRef = 202DBEB81AF4347A00B0CE67 /* TKDecimalInputWithNextKeyView.m */; };
		202DBEEB1AF6717A00B0CE67 /* CurryImages.xcassets in Resources */ = {isa = PBXBuildFile; fileRef = 202DBEEA1AF6717A00B0CE67 /* CurryImages.xcassets */; };
		202DBEF41AF6727A00B0CE67 /* TKCurrentTimeLabel.h in Headers */ = {isa = PBXBuildFile; fileRef = 202DBEF21AF6727A00B0CE67 /* TKCurrentTimeLabel.h */; settings = {ATTRIBUTES = (Public, ); }; };
		202DBEF51AF6727A00B0CE67 /* TKCurrentTimeLabel.m in Sources */ = {isa = PBXBuildFile; fileRef = 202DBEF31AF6727A00B0CE67 /* TKCurrentTimeLabel.m */; };
		204922B41B45D8DB00C22245 /* TKTextFieldCell.h in Headers */ = {isa = PBXBuildFile; fileRef = 204922B21B45D8DB00C22245 /* TKTextFieldCell.h */; settings = {ATTRIBUTES = (Public, ); }; };
		204922B51B45D8DB00C22245 /* TKTextFieldCell.m in Sources */ = {isa = PBXBuildFile; fileRef = 204922B31B45D8DB00C22245 /* TKTextFieldCell.m */; };
		204922B81B46EF9200C22245 /* TKTextView.h in Headers */ = {isa = PBXBuildFile; fileRef = 204922B61B46EF9200C22245 /* TKTextView.h */; settings = {ATTRIBUTES = (Public, ); }; };
		204922B91B46EF9200C22245 /* TKTextView.m in Sources */ = {isa = PBXBuildFile; fileRef = 204922B71B46EF9200C22245 /* TKTextView.m */; };
		204922C41B46F15900C22245 /* NSDate+TKCategory.h in Headers */ = {isa = PBXBuildFile; fileRef = 204922C21B46F15900C22245 /* NSDate+TKCategory.h */; settings = {ATTRIBUTES = (Public, ); }; };
		204922C51B46F15900C22245 /* NSDate+TKCategory.m in Sources */ = {isa = PBXBuildFile; fileRef = 204922C31B46F15900C22245 /* NSDate+TKCategory.m */; };
		20785F771AD8388E000DC57F /* NSStringTests.m in Sources */ = {isa = PBXBuildFile; fileRef = 20785F701AD8388E000DC57F /* NSStringTests.m */; };
		20785F781AD8388E000DC57F /* UIViewTests.m in Sources */ = {isa = PBXBuildFile; fileRef = 20785F721AD8388E000DC57F /* UIViewTests.m */; };
		20785F791AD8388E000DC57F /* NSArrayTests.m in Sources */ = {isa = PBXBuildFile; fileRef = 20785F741AD8388E000DC57F /* NSArrayTests.m */; };
		20785F7A1AD8388E000DC57F /* DataTests.m in Sources */ = {isa = PBXBuildFile; fileRef = 20785F761AD8388E000DC57F /* DataTests.m */; };
		20785F7B1AD838D3000DC57F /* NSString+TKCategory.m in Sources */ = {isa = PBXBuildFile; fileRef = 200B62791AD7FC5E0049E35C /* NSString+TKCategory.m */; };
		20785F7C1AD838E4000DC57F /* NSArray+TKCategory.m in Sources */ = {isa = PBXBuildFile; fileRef = 200B627B1AD7FC5E0049E35C /* NSArray+TKCategory.m */; };
		20785F7E1AD838EE000DC57F /* NSObject+TKCategory.m in Sources */ = {isa = PBXBuildFile; fileRef = 200B62771AD7FC5E0049E35C /* NSObject+TKCategory.m */; };
		207860161AD84A87000DC57F /* TKCreditCardCVVTextField.h in Headers */ = {isa = PBXBuildFile; fileRef = 2078600C1AD84A87000DC57F /* TKCreditCardCVVTextField.h */; settings = {ATTRIBUTES = (Public, ); }; };
		207860171AD84A87000DC57F /* TKCreditCardCVVTextField.m in Sources */ = {isa = PBXBuildFile; fileRef = 2078600D1AD84A87000DC57F /* TKCreditCardCVVTextField.m */; };
		207860181AD84A87000DC57F /* TKCreditCardExpirationTextField.h in Headers */ = {isa = PBXBuildFile; fileRef = 2078600E1AD84A87000DC57F /* TKCreditCardExpirationTextField.h */; settings = {ATTRIBUTES = (Public, ); }; };
		207860191AD84A87000DC57F /* TKCreditCardExpirationTextField.m in Sources */ = {isa = PBXBuildFile; fileRef = 2078600F1AD84A87000DC57F /* TKCreditCardExpirationTextField.m */; };
		2078601A1AD84A87000DC57F /* TKCreditCardNumberTextField.h in Headers */ = {isa = PBXBuildFile; fileRef = 207860101AD84A87000DC57F /* TKCreditCardNumberTextField.h */; settings = {ATTRIBUTES = (Public, ); }; };
		2078601B1AD84A87000DC57F /* TKCreditCardNumberTextField.m in Sources */ = {isa = PBXBuildFile; fileRef = 207860111AD84A87000DC57F /* TKCreditCardNumberTextField.m */; };
		2078601C1AD84A87000DC57F /* TKCreditCardZipTextField.h in Headers */ = {isa = PBXBuildFile; fileRef = 207860121AD84A87000DC57F /* TKCreditCardZipTextField.h */; settings = {ATTRIBUTES = (Public, ); }; };
		2078601D1AD84A87000DC57F /* TKCreditCardZipTextField.m in Sources */ = {isa = PBXBuildFile; fileRef = 207860131AD84A87000DC57F /* TKCreditCardZipTextField.m */; };
		207860261AD84F11000DC57F /* NSURLSession+TKCategory.h in Headers */ = {isa = PBXBuildFile; fileRef = 207860241AD84F11000DC57F /* NSURLSession+TKCategory.h */; settings = {ATTRIBUTES = (Public, ); }; };
		207860271AD84F11000DC57F /* NSURLSession+TKCategory.m in Sources */ = {isa = PBXBuildFile; fileRef = 207860251AD84F11000DC57F /* NSURLSession+TKCategory.m */; };
		2097F33E1B3D94C300247736 /* TKWindow.h in Headers */ = {isa = PBXBuildFile; fileRef = 2097F33C1B3D94C300247736 /* TKWindow.h */; settings = {ATTRIBUTES = (Public, ); }; };
		2097F33F1B3D94C300247736 /* TKWindow.m in Sources */ = {isa = PBXBuildFile; fileRef = 2097F33D1B3D94C300247736 /* TKWindow.m */; };
		2098BA241B0F6C4F000E0074 /* NSTimer+Blocks.h in Headers */ = {isa = PBXBuildFile; fileRef = 2098BA221B0F6C4F000E0074 /* NSTimer+Blocks.h */; settings = {ATTRIBUTES = (Public, ); }; };
		2098BA251B0F6C4F000E0074 /* NSTimer+Blocks.m in Sources */ = {isa = PBXBuildFile; fileRef = 2098BA231B0F6C4F000E0074 /* NSTimer+Blocks.m */; };
		20A46DDF1B61C097004A4153 /* TKPhoneNumberTextField.h in Headers */ = {isa = PBXBuildFile; fileRef = 20A46DDD1B61C097004A4153 /* TKPhoneNumberTextField.h */; settings = {ATTRIBUTES = (Public, ); }; };
		20A46DE01B61C097004A4153 /* TKPhoneNumberTextField.m in Sources */ = {isa = PBXBuildFile; fileRef = 20A46DDE1B61C097004A4153 /* TKPhoneNumberTextField.m */; };
		20A75C5F1AD82C8500E2106A /* Headers.h in Headers */ = {isa = PBXBuildFile; fileRef = 20A75C5E1AD82C8500E2106A /* Headers.h */; settings = {ATTRIBUTES = (Public, ); }; };
		20A75C681AD8332F00E2106A /* TKSectionedScrollView.h in Headers */ = {isa = PBXBuildFile; fileRef = 20A75C661AD8332F00E2106A /* TKSectionedScrollView.h */; settings = {ATTRIBUTES = (Public, ); }; };
		20A75C691AD8332F00E2106A /* TKSectionedScrollView.m in Sources */ = {isa = PBXBuildFile; fileRef = 20A75C671AD8332F00E2106A /* TKSectionedScrollView.m */; };
		20A75C851AD836DD00E2106A /* NSBundle+TKCategory.h in Headers */ = {isa = PBXBuildFile; fileRef = 20A75C831AD836DD00E2106A /* NSBundle+TKCategory.h */; settings = {ATTRIBUTES = (Public, ); }; };
		20A75C861AD836DD00E2106A /* NSBundle+TKCategory.m in Sources */ = {isa = PBXBuildFile; fileRef = 20A75C841AD836DD00E2106A /* NSBundle+TKCategory.m */; };
		20CAE0D41B0953E40088740E /* TKSwitchCell.h in Headers */ = {isa = PBXBuildFile; fileRef = 20CAE0D21B0953E40088740E /* TKSwitchCell.h */; settings = {ATTRIBUTES = (Public, ); }; };
		20CAE0D51B0953E40088740E /* TKSwitchCell.m in Sources */ = {isa = PBXBuildFile; fileRef = 20CAE0D31B0953E40088740E /* TKSwitchCell.m */; };
		20CB9CF31AF3E4B0002E9F1C /* UIActionSheet+Blocks.h in Headers */ = {isa = PBXBuildFile; fileRef = 20CB9CF11AF3E4B0002E9F1C /* UIActionSheet+Blocks.h */; settings = {ATTRIBUTES = (Public, ); }; };
		20CB9CF41AF3E4B0002E9F1C /* UIActionSheet+Blocks.m in Sources */ = {isa = PBXBuildFile; fileRef = 20CB9CF21AF3E4B0002E9F1C /* UIActionSheet+Blocks.m */; };
		20CB9CFE1AF3F126002E9F1C /* UIAlertView+Blocks.h in Headers */ = {isa = PBXBuildFile; fileRef = 20CB9CFC1AF3F126002E9F1C /* UIAlertView+Blocks.h */; settings = {ATTRIBUTES = (Public, ); }; };
		20CB9CFF1AF3F126002E9F1C /* UIAlertView+Blocks.m in Sources */ = {isa = PBXBuildFile; fileRef = 20CB9CFD1AF3F126002E9F1C /* UIAlertView+Blocks.m */; };
		20CB9D021AF405CD002E9F1C /* UIControl+Blocks.h in Headers */ = {isa = PBXBuildFile; fileRef = 20CB9D001AF405CD002E9F1C /* UIControl+Blocks.h */; settings = {ATTRIBUTES = (Public, ); }; };
		20CB9D031AF405CD002E9F1C /* UIControl+Blocks.m in Sources */ = {isa = PBXBuildFile; fileRef = 20CB9D011AF405CD002E9F1C /* UIControl+Blocks.m */; };
		20DDB58B1B45A97C001C7751 /* TKStepperCell.h in Headers */ = {isa = PBXBuildFile; fileRef = 20DDB5891B45A97C001C7751 /* TKStepperCell.h */; settings = {ATTRIBUTES = (Public, ); }; };
		20DDB58C1B45A97C001C7751 /* TKStepperCell.m in Sources */ = {isa = PBXBuildFile; fileRef = 20DDB58A1B45A97C001C7751 /* TKStepperCell.m */; };
		20E110741B3B2651006A2CD6 /* TKVideoViewController.h in Headers */ = {isa = PBXBuildFile; fileRef = 20E110721B3B2651006A2CD6 /* TKVideoViewController.h */; settings = {ATTRIBUTES = (Public, ); }; };
		20E110751B3B2651006A2CD6 /* TKVideoViewController.m in Sources */ = {isa = PBXBuildFile; fileRef = 20E110731B3B2651006A2CD6 /* TKVideoViewController.m */; };
		20E131CC1AF4107F0011492F /* UILabel+Initializers.h in Headers */ = {isa = PBXBuildFile; fileRef = 20E131C81AF4107F0011492F /* UILabel+Initializers.h */; settings = {ATTRIBUTES = (Public, ); }; };
		20E131CD1AF4107F0011492F /* UILabel+Initializers.m in Sources */ = {isa = PBXBuildFile; fileRef = 20E131C91AF4107F0011492F /* UILabel+Initializers.m */; };
		20E131CE1AF4107F0011492F /* UIView+Initializers.h in Headers */ = {isa = PBXBuildFile; fileRef = 20E131CA1AF4107F0011492F /* UIView+Initializers.h */; settings = {ATTRIBUTES = (Public, ); }; };
		20E131CF1AF4107F0011492F /* UIView+Initializers.m in Sources */ = {isa = PBXBuildFile; fileRef = 20E131CB1AF4107F0011492F /* UIView+Initializers.m */; };
		20F19B191AE07E8500077DA1 /* UIGestureRecognizer+Blocks.h in Headers */ = {isa = PBXBuildFile; fileRef = 20F19B171AE07E8500077DA1 /* UIGestureRecognizer+Blocks.h */; settings = {ATTRIBUTES = (Public, ); }; };
		20F19B1A1AE07E8500077DA1 /* UIGestureRecognizer+Blocks.m in Sources */ = {isa = PBXBuildFile; fileRef = 20F19B181AE07E8500077DA1 /* UIGestureRecognizer+Blocks.m */; };
/* End PBXBuildFile section */

/* Begin PBXContainerItemProxy section */
		200B62621AD7FB460049E35C /* PBXContainerItemProxy */ = {
			isa = PBXContainerItemProxy;
			containerPortal = 200B624C1AD7FB450049E35C /* Project object */;
			proxyType = 1;
			remoteGlobalIDString = 200B62541AD7FB450049E35C;
			remoteInfo = curry;
		};
/* End PBXContainerItemProxy section */

/* Begin PBXFileReference section */
		200B62551AD7FB460049E35C /* curry.framework */ = {isa = PBXFileReference; explicitFileType = wrapper.framework; includeInIndex = 0; path = curry.framework; sourceTree = BUILT_PRODUCTS_DIR; };
		200B62591AD7FB460049E35C /* Info.plist */ = {isa = PBXFileReference; lastKnownFileType = text.plist.xml; path = Info.plist; sourceTree = "<group>"; };
		200B625A1AD7FB460049E35C /* curry.h */ = {isa = PBXFileReference; lastKnownFileType = sourcecode.c.h; path = curry.h; sourceTree = "<group>"; };
		200B62601AD7FB460049E35C /* curryTests.xctest */ = {isa = PBXFileReference; explicitFileType = wrapper.cfbundle; includeInIndex = 0; path = curryTests.xctest; sourceTree = BUILT_PRODUCTS_DIR; };
		200B62661AD7FB460049E35C /* Info.plist */ = {isa = PBXFileReference; lastKnownFileType = text.plist.xml; path = Info.plist; sourceTree = "<group>"; };
		200B62671AD7FB460049E35C /* curryTests.m */ = {isa = PBXFileReference; lastKnownFileType = sourcecode.c.objc; path = curryTests.m; sourceTree = "<group>"; };
		200B62721AD7FBDC0049E35C /* TKFoundation.h */ = {isa = PBXFileReference; fileEncoding = 4; lastKnownFileType = sourcecode.c.h; path = TKFoundation.h; sourceTree = "<group>"; };
		200B62761AD7FC5E0049E35C /* NSObject+TKCategory.h */ = {isa = PBXFileReference; fileEncoding = 4; lastKnownFileType = sourcecode.c.h; path = "NSObject+TKCategory.h"; sourceTree = "<group>"; };
		200B62771AD7FC5E0049E35C /* NSObject+TKCategory.m */ = {isa = PBXFileReference; fileEncoding = 4; lastKnownFileType = sourcecode.c.objc; path = "NSObject+TKCategory.m"; sourceTree = "<group>"; };
		200B62781AD7FC5E0049E35C /* NSString+TKCategory.h */ = {isa = PBXFileReference; fileEncoding = 4; lastKnownFileType = sourcecode.c.h; path = "NSString+TKCategory.h"; sourceTree = "<group>"; };
		200B62791AD7FC5E0049E35C /* NSString+TKCategory.m */ = {isa = PBXFileReference; fileEncoding = 4; lastKnownFileType = sourcecode.c.objc; path = "NSString+TKCategory.m"; sourceTree = "<group>"; };
		200B627A1AD7FC5E0049E35C /* NSArray+TKCategory.h */ = {isa = PBXFileReference; fileEncoding = 4; lastKnownFileType = sourcecode.c.h; path = "NSArray+TKCategory.h"; sourceTree = "<group>"; };
		200B627B1AD7FC5E0049E35C /* NSArray+TKCategory.m */ = {isa = PBXFileReference; fileEncoding = 4; lastKnownFileType = sourcecode.c.objc; path = "NSArray+TKCategory.m"; sourceTree = "<group>"; };
		200B627C1AD7FC5E0049E35C /* NSMutableArray+TKCategory.h */ = {isa = PBXFileReference; fileEncoding = 4; lastKnownFileType = sourcecode.c.h; path = "NSMutableArray+TKCategory.h"; sourceTree = "<group>"; };
		200B627D1AD7FC5E0049E35C /* NSMutableArray+TKCategory.m */ = {isa = PBXFileReference; fileEncoding = 4; lastKnownFileType = sourcecode.c.objc; path = "NSMutableArray+TKCategory.m"; sourceTree = "<group>"; };
		200B62801AD7FC5E0049E35C /* NSAttributedString+TKCategory.h */ = {isa = PBXFileReference; fileEncoding = 4; lastKnownFileType = sourcecode.c.h; path = "NSAttributedString+TKCategory.h"; sourceTree = "<group>"; };
		200B62811AD7FC5E0049E35C /* NSAttributedString+TKCategory.m */ = {isa = PBXFileReference; fileEncoding = 4; lastKnownFileType = sourcecode.c.objc; path = "NSAttributedString+TKCategory.m"; sourceTree = "<group>"; };
		200B62821AD7FC5E0049E35C /* NSMutableAttributedString+TKCategory.h */ = {isa = PBXFileReference; fileEncoding = 4; lastKnownFileType = sourcecode.c.h; path = "NSMutableAttributedString+TKCategory.h"; sourceTree = "<group>"; };
		200B62831AD7FC5E0049E35C /* NSMutableAttributedString+TKCategory.m */ = {isa = PBXFileReference; fileEncoding = 4; lastKnownFileType = sourcecode.c.objc; path = "NSMutableAttributedString+TKCategory.m"; sourceTree = "<group>"; };
		200B62841AD7FC5E0049E35C /* UIDevice+TKCategory.h */ = {isa = PBXFileReference; fileEncoding = 4; lastKnownFileType = sourcecode.c.h; path = "UIDevice+TKCategory.h"; sourceTree = "<group>"; };
		200B62851AD7FC5E0049E35C /* UIDevice+TKCategory.m */ = {isa = PBXFileReference; fileEncoding = 4; lastKnownFileType = sourcecode.c.objc; path = "UIDevice+TKCategory.m"; sourceTree = "<group>"; };
		200B62861AD7FC5E0049E35C /* UIView+TKCategory.h */ = {isa = PBXFileReference; fileEncoding = 4; lastKnownFileType = sourcecode.c.h; path = "UIView+TKCategory.h"; sourceTree = "<group>"; };
		200B62871AD7FC5E0049E35C /* UIView+TKCategory.m */ = {isa = PBXFileReference; fileEncoding = 4; lastKnownFileType = sourcecode.c.objc; path = "UIView+TKCategory.m"; sourceTree = "<group>"; };
		200B629B1AD7FD660049E35C /* NSObject+JSON.h */ = {isa = PBXFileReference; fileEncoding = 4; lastKnownFileType = sourcecode.c.h; path = "NSObject+JSON.h"; sourceTree = "<group>"; };
		200B629C1AD7FD660049E35C /* NSObject+JSON.m */ = {isa = PBXFileReference; fileEncoding = 4; lastKnownFileType = sourcecode.c.objc; path = "NSObject+JSON.m"; sourceTree = "<group>"; };
		200B629F1AD7FE0D0049E35C /* UIView+TKAnimation.h */ = {isa = PBXFileReference; fileEncoding = 4; lastKnownFileType = sourcecode.c.h; path = "UIView+TKAnimation.h"; sourceTree = "<group>"; };
		200B62A01AD7FE0D0049E35C /* UIView+TKAnimation.m */ = {isa = PBXFileReference; fileEncoding = 4; lastKnownFileType = sourcecode.c.objc; path = "UIView+TKAnimation.m"; sourceTree = "<group>"; };
		200B62A11AD7FE0D0049E35C /* CALayer+TKAnimation.h */ = {isa = PBXFileReference; fileEncoding = 4; lastKnownFileType = sourcecode.c.h; path = "CALayer+TKAnimation.h"; sourceTree = "<group>"; };
		200B62A21AD7FE0D0049E35C /* CALayer+TKAnimation.m */ = {isa = PBXFileReference; fileEncoding = 4; lastKnownFileType = sourcecode.c.objc; path = "CALayer+TKAnimation.m"; sourceTree = "<group>"; };
		200B62A31AD7FE0D0049E35C /* CAKeyframeAnimation+TKAnimation.h */ = {isa = PBXFileReference; fileEncoding = 4; lastKnownFileType = sourcecode.c.h; path = "CAKeyframeAnimation+TKAnimation.h"; sourceTree = "<group>"; };
		200B62A41AD7FE0D0049E35C /* CAKeyframeAnimation+TKAnimation.m */ = {isa = PBXFileReference; fileEncoding = 4; lastKnownFileType = sourcecode.c.objc; path = "CAKeyframeAnimation+TKAnimation.m"; sourceTree = "<group>"; };
		200B62A51AD7FE0D0049E35C /* CAAnimation+TKAnimation.h */ = {isa = PBXFileReference; fileEncoding = 4; lastKnownFileType = sourcecode.c.h; path = "CAAnimation+TKAnimation.h"; sourceTree = "<group>"; };
		200B62A61AD7FE0D0049E35C /* CAAnimation+TKAnimation.m */ = {isa = PBXFileReference; fileEncoding = 4; lastKnownFileType = sourcecode.c.objc; path = "CAAnimation+TKAnimation.m"; sourceTree = "<group>"; };
		200B62B41AD7FEF80049E35C /* UIImage+TKCategory.h */ = {isa = PBXFileReference; fileEncoding = 4; lastKnownFileType = sourcecode.c.h; path = "UIImage+TKCategory.h"; sourceTree = "<group>"; };
		200B62B51AD7FEF80049E35C /* UIImage+TKCategory.m */ = {isa = PBXFileReference; fileEncoding = 4; lastKnownFileType = sourcecode.c.objc; path = "UIImage+TKCategory.m"; sourceTree = "<group>"; };
		200B62B61AD7FEF80049E35C /* UITextField+TKCategory.h */ = {isa = PBXFileReference; fileEncoding = 4; lastKnownFileType = sourcecode.c.h; path = "UITextField+TKCategory.h"; sourceTree = "<group>"; };
		200B62B71AD7FEF80049E35C /* UITextField+TKCategory.m */ = {isa = PBXFileReference; fileEncoding = 4; lastKnownFileType = sourcecode.c.objc; path = "UITextField+TKCategory.m"; sourceTree = "<group>"; };
		200B62B81AD7FEF80049E35C /* UIImageView+TKCategory.h */ = {isa = PBXFileReference; fileEncoding = 4; lastKnownFileType = sourcecode.c.h; path = "UIImageView+TKCategory.h"; sourceTree = "<group>"; };
		200B62B91AD7FEF80049E35C /* UIImageView+TKCategory.m */ = {isa = PBXFileReference; fileEncoding = 4; lastKnownFileType = sourcecode.c.objc; path = "UIImageView+TKCategory.m"; sourceTree = "<group>"; };
		200B62BA1AD7FEF80049E35C /* UIButton+TKCategory.h */ = {isa = PBXFileReference; fileEncoding = 4; lastKnownFileType = sourcecode.c.h; path = "UIButton+TKCategory.h"; sourceTree = "<group>"; };
		200B62BB1AD7FEF80049E35C /* UIButton+TKCategory.m */ = {isa = PBXFileReference; fileEncoding = 4; lastKnownFileType = sourcecode.c.objc; path = "UIButton+TKCategory.m"; sourceTree = "<group>"; };
		200B62BC1AD7FEF80049E35C /* UIColor+TKCategory.h */ = {isa = PBXFileReference; fileEncoding = 4; lastKnownFileType = sourcecode.c.h; path = "UIColor+TKCategory.h"; sourceTree = "<group>"; };
		200B62BD1AD7FEF80049E35C /* UIColor+TKCategory.m */ = {isa = PBXFileReference; fileEncoding = 4; lastKnownFileType = sourcecode.c.objc; path = "UIColor+TKCategory.m"; sourceTree = "<group>"; };
		200B62BE1AD7FEF80049E35C /* UIScrollview+TKCategory.h */ = {isa = PBXFileReference; fileEncoding = 4; lastKnownFileType = sourcecode.c.h; path = "UIScrollview+TKCategory.h"; sourceTree = "<group>"; };
		200B62BF1AD7FEF80049E35C /* UIScrollview+TKCategory.m */ = {isa = PBXFileReference; fileEncoding = 4; lastKnownFileType = sourcecode.c.objc; path = "UIScrollview+TKCategory.m"; sourceTree = "<group>"; };
		200B62C01AD7FEF80049E35C /* UIBarButtonItem+TKCategory.h */ = {isa = PBXFileReference; fileEncoding = 4; lastKnownFileType = sourcecode.c.h; path = "UIBarButtonItem+TKCategory.h"; sourceTree = "<group>"; };
		200B62C11AD7FEF80049E35C /* UIBarButtonItem+TKCategory.m */ = {isa = PBXFileReference; fileEncoding = 4; lastKnownFileType = sourcecode.c.objc; path = "UIBarButtonItem+TKCategory.m"; sourceTree = "<group>"; };
		200B62C21AD7FEF80049E35C /* UIImagePickerController+TKCategory.h */ = {isa = PBXFileReference; fileEncoding = 4; lastKnownFileType = sourcecode.c.h; path = "UIImagePickerController+TKCategory.h"; sourceTree = "<group>"; };
		200B62C31AD7FEF80049E35C /* UIImagePickerController+TKCategory.m */ = {isa = PBXFileReference; fileEncoding = 4; lastKnownFileType = sourcecode.c.objc; path = "UIImagePickerController+TKCategory.m"; sourceTree = "<group>"; };
		200B62C41AD7FEF80049E35C /* UIGestureRecognizer+TKCategory.h */ = {isa = PBXFileReference; fileEncoding = 4; lastKnownFileType = sourcecode.c.h; path = "UIGestureRecognizer+TKCategory.h"; sourceTree = "<group>"; };
		200B62C51AD7FEF80049E35C /* UIGestureRecognizer+TKCategory.m */ = {isa = PBXFileReference; fileEncoding = 4; lastKnownFileType = sourcecode.c.objc; path = "UIGestureRecognizer+TKCategory.m"; sourceTree = "<group>"; };
		200B62C61AD7FEF80049E35C /* UIViewController+TKCategory.h */ = {isa = PBXFileReference; fileEncoding = 4; lastKnownFileType = sourcecode.c.h; path = "UIViewController+TKCategory.h"; sourceTree = "<group>"; };
		200B62C71AD7FEF80049E35C /* UIViewController+TKCategory.m */ = {isa = PBXFileReference; fileEncoding = 4; lastKnownFileType = sourcecode.c.objc; path = "UIViewController+TKCategory.m"; sourceTree = "<group>"; };
		200B62C81AD7FEF80049E35C /* UIScreen+TKCategory.h */ = {isa = PBXFileReference; fileEncoding = 4; lastKnownFileType = sourcecode.c.h; path = "UIScreen+TKCategory.h"; sourceTree = "<group>"; };
		200B62C91AD7FEF80049E35C /* UIScreen+TKCategory.m */ = {isa = PBXFileReference; fileEncoding = 4; lastKnownFileType = sourcecode.c.objc; path = "UIScreen+TKCategory.m"; sourceTree = "<group>"; };
		200B62CA1AD7FEF80049E35C /* UILabel+TKCategory.h */ = {isa = PBXFileReference; fileEncoding = 4; lastKnownFileType = sourcecode.c.h; path = "UILabel+TKCategory.h"; sourceTree = "<group>"; };
		200B62CB1AD7FEF80049E35C /* UILabel+TKCategory.m */ = {isa = PBXFileReference; fileEncoding = 4; lastKnownFileType = sourcecode.c.objc; path = "UILabel+TKCategory.m"; sourceTree = "<group>"; };
		200B62CC1AD7FEF80049E35C /* UIAlertView+TKCategory.h */ = {isa = PBXFileReference; fileEncoding = 4; lastKnownFileType = sourcecode.c.h; name = "UIAlertView+TKCategory.h"; path = "../Controllers/UIAlertView+TKCategory.h"; sourceTree = "<group>"; };
		200B62CD1AD7FEF80049E35C /* UIAlertView+TKCategory.m */ = {isa = PBXFileReference; fileEncoding = 4; lastKnownFileType = sourcecode.c.objc; name = "UIAlertView+TKCategory.m"; path = "../Controllers/UIAlertView+TKCategory.m"; sourceTree = "<group>"; };
		200B62CE1AD7FEF80049E35C /* UIActionSheet+TKCategory.h */ = {isa = PBXFileReference; fileEncoding = 4; lastKnownFileType = sourcecode.c.h; name = "UIActionSheet+TKCategory.h"; path = "../Controllers/UIActionSheet+TKCategory.h"; sourceTree = "<group>"; };
		200B62CF1AD7FEF80049E35C /* UIActionSheet+TKCategory.m */ = {isa = PBXFileReference; fileEncoding = 4; lastKnownFileType = sourcecode.c.objc; name = "UIActionSheet+TKCategory.m"; path = "../Controllers/UIActionSheet+TKCategory.m"; sourceTree = "<group>"; };
		200B62D01AD7FEF80049E35C /* UIFont+TKCategory.h */ = {isa = PBXFileReference; fileEncoding = 4; lastKnownFileType = sourcecode.c.h; path = "UIFont+TKCategory.h"; sourceTree = "<group>"; };
		200B62D11AD7FEF80049E35C /* UIFont+TKCategory.m */ = {isa = PBXFileReference; fileEncoding = 4; lastKnownFileType = sourcecode.c.objc; path = "UIFont+TKCategory.m"; sourceTree = "<group>"; };
		200B62D21AD7FEF80049E35C /* UINavigationBar+TKCategory.h */ = {isa = PBXFileReference; fileEncoding = 4; lastKnownFileType = sourcecode.c.h; path = "UINavigationBar+TKCategory.h"; sourceTree = "<group>"; };
		200B62D31AD7FEF80049E35C /* UINavigationBar+TKCategory.m */ = {isa = PBXFileReference; fileEncoding = 4; lastKnownFileType = sourcecode.c.objc; path = "UINavigationBar+TKCategory.m"; sourceTree = "<group>"; };
		200B62D41AD7FEF80049E35C /* UIApplication+TKCategory.h */ = {isa = PBXFileReference; fileEncoding = 4; lastKnownFileType = sourcecode.c.h; path = "UIApplication+TKCategory.h"; sourceTree = "<group>"; };
		200B62D51AD7FEF80049E35C /* UIApplication+TKCategory.m */ = {isa = PBXFileReference; fileEncoding = 4; lastKnownFileType = sourcecode.c.objc; path = "UIApplication+TKCategory.m"; sourceTree = "<group>"; };
		200B62FE1AD804340049E35C /* TKTableViewController.h */ = {isa = PBXFileReference; fileEncoding = 4; lastKnownFileType = sourcecode.c.h; path = TKTableViewController.h; sourceTree = "<group>"; };
		200B62FF1AD804340049E35C /* TKTableViewController.m */ = {isa = PBXFileReference; fileEncoding = 4; lastKnownFileType = sourcecode.c.objc; path = TKTableViewController.m; sourceTree = "<group>"; };
		200B63001AD804340049E35C /* TKKeyboardTableViewController.h */ = {isa = PBXFileReference; fileEncoding = 4; lastKnownFileType = sourcecode.c.h; path = TKKeyboardTableViewController.h; sourceTree = "<group>"; };
		200B63011AD804340049E35C /* TKKeyboardTableViewController.m */ = {isa = PBXFileReference; fileEncoding = 4; lastKnownFileType = sourcecode.c.objc; path = TKKeyboardTableViewController.m; sourceTree = "<group>"; };
		200B63041AD804340049E35C /* TKWebViewController.h */ = {isa = PBXFileReference; fileEncoding = 4; lastKnownFileType = sourcecode.c.h; path = TKWebViewController.h; sourceTree = "<group>"; };
		200B63051AD804340049E35C /* TKWebViewController.m */ = {isa = PBXFileReference; fileEncoding = 4; lastKnownFileType = sourcecode.c.objc; path = TKWebViewController.m; sourceTree = "<group>"; };
		200B63061AD804340049E35C /* TKGradientView.h */ = {isa = PBXFileReference; fileEncoding = 4; lastKnownFileType = sourcecode.c.h; path = TKGradientView.h; sourceTree = "<group>"; };
		200B63071AD804340049E35C /* TKGradientView.m */ = {isa = PBXFileReference; fileEncoding = 4; lastKnownFileType = sourcecode.c.objc; path = TKGradientView.m; sourceTree = "<group>"; };
		200B63081AD804340049E35C /* TKShapeView.h */ = {isa = PBXFileReference; fileEncoding = 4; lastKnownFileType = sourcecode.c.h; path = TKShapeView.h; sourceTree = "<group>"; };
		200B63091AD804340049E35C /* TKShapeView.m */ = {isa = PBXFileReference; fileEncoding = 4; lastKnownFileType = sourcecode.c.objc; path = TKShapeView.m; sourceTree = "<group>"; };
		200B63161AD804400049E35C /* TKExtendedScrollView.h */ = {isa = PBXFileReference; fileEncoding = 4; lastKnownFileType = sourcecode.c.h; path = TKExtendedScrollView.h; sourceTree = "<group>"; };
		200B63171AD804400049E35C /* TKExtendedScrollView.m */ = {isa = PBXFileReference; fileEncoding = 4; lastKnownFileType = sourcecode.c.objc; path = TKExtendedScrollView.m; sourceTree = "<group>"; };
		200B63181AD804400049E35C /* TKSoundAlertController.h */ = {isa = PBXFileReference; fileEncoding = 4; lastKnownFileType = sourcecode.c.h; path = TKSoundAlertController.h; sourceTree = "<group>"; };
		200B63191AD804400049E35C /* TKSoundAlertController.m */ = {isa = PBXFileReference; fileEncoding = 4; lastKnownFileType = sourcecode.c.objc; path = TKSoundAlertController.m; sourceTree = "<group>"; };
		200B631E1AD804E30049E35C /* TKCardModalViewController.h */ = {isa = PBXFileReference; fileEncoding = 4; lastKnownFileType = sourcecode.c.h; path = TKCardModalViewController.h; sourceTree = "<group>"; };
		200B631F1AD804E30049E35C /* TKCardModalViewController.m */ = {isa = PBXFileReference; fileEncoding = 4; lastKnownFileType = sourcecode.c.objc; path = TKCardModalViewController.m; sourceTree = "<group>"; };
		202DBE6F1AF4121C00B0CE67 /* TKCustomPresentationViewController.h */ = {isa = PBXFileReference; fileEncoding = 4; lastKnownFileType = sourcecode.c.h; path = TKCustomPresentationViewController.h; sourceTree = "<group>"; };
		202DBE701AF4121C00B0CE67 /* TKCustomPresentationViewController.m */ = {isa = PBXFileReference; fileEncoding = 4; lastKnownFileType = sourcecode.c.objc; path = TKCustomPresentationViewController.m; sourceTree = "<group>"; };
		202DBEAD1AF4347A00B0CE67 /* TKInputView.h */ = {isa = PBXFileReference; fileEncoding = 4; lastKnownFileType = sourcecode.c.h; path = TKInputView.h; sourceTree = "<group>"; };
		202DBEAE1AF4347A00B0CE67 /* TKInputView.m */ = {isa = PBXFileReference; fileEncoding = 4; lastKnownFileType = sourcecode.c.objc; path = TKInputView.m; sourceTree = "<group>"; };
		202DBEAF1AF4347A00B0CE67 /* TKInputKey.h */ = {isa = PBXFileReference; fileEncoding = 4; lastKnownFileType = sourcecode.c.h; path = TKInputKey.h; sourceTree = "<group>"; };
		202DBEB01AF4347A00B0CE67 /* TKInputKey.m */ = {isa = PBXFileReference; fileEncoding = 4; lastKnownFileType = sourcecode.c.objc; path = TKInputKey.m; sourceTree = "<group>"; };
		202DBEB11AF4347A00B0CE67 /* TKNumberInputView.h */ = {isa = PBXFileReference; fileEncoding = 4; lastKnownFileType = sourcecode.c.h; path = TKNumberInputView.h; sourceTree = "<group>"; };
		202DBEB21AF4347A00B0CE67 /* TKNumberInputView.m */ = {isa = PBXFileReference; fileEncoding = 4; lastKnownFileType = sourcecode.c.objc; path = TKNumberInputView.m; sourceTree = "<group>"; };
		202DBEB31AF4347A00B0CE67 /* TKDecimalInputView.h */ = {isa = PBXFileReference; fileEncoding = 4; lastKnownFileType = sourcecode.c.h; path = TKDecimalInputView.h; sourceTree = "<group>"; };
		202DBEB41AF4347A00B0CE67 /* TKDecimalInputView.m */ = {isa = PBXFileReference; fileEncoding = 4; lastKnownFileType = sourcecode.c.objc; path = TKDecimalInputView.m; sourceTree = "<group>"; };
		202DBEB51AF4347A00B0CE67 /* TKNumberInputWithNextKeyView.h */ = {isa = PBXFileReference; fileEncoding = 4; lastKnownFileType = sourcecode.c.h; path = TKNumberInputWithNextKeyView.h; sourceTree = "<group>"; };
		202DBEB61AF4347A00B0CE67 /* TKNumberInputWithNextKeyView.m */ = {isa = PBXFileReference; fileEncoding = 4; lastKnownFileType = sourcecode.c.objc; path = TKNumberInputWithNextKeyView.m; sourceTree = "<group>"; };
		202DBEB71AF4347A00B0CE67 /* TKDecimalInputWithNextKeyView.h */ = {isa = PBXFileReference; fileEncoding = 4; lastKnownFileType = sourcecode.c.h; path = TKDecimalInputWithNextKeyView.h; sourceTree = "<group>"; };
		202DBEB81AF4347A00B0CE67 /* TKDecimalInputWithNextKeyView.m */ = {isa = PBXFileReference; fileEncoding = 4; lastKnownFileType = sourcecode.c.objc; path = TKDecimalInputWithNextKeyView.m; sourceTree = "<group>"; };
		202DBEEA1AF6717A00B0CE67 /* CurryImages.xcassets */ = {isa = PBXFileReference; lastKnownFileType = folder.assetcatalog; path = CurryImages.xcassets; sourceTree = "<group>"; };
		202DBEF21AF6727A00B0CE67 /* TKCurrentTimeLabel.h */ = {isa = PBXFileReference; fileEncoding = 4; lastKnownFileType = sourcecode.c.h; path = TKCurrentTimeLabel.h; sourceTree = "<group>"; };
		202DBEF31AF6727A00B0CE67 /* TKCurrentTimeLabel.m */ = {isa = PBXFileReference; fileEncoding = 4; lastKnownFileType = sourcecode.c.objc; path = TKCurrentTimeLabel.m; sourceTree = "<group>"; };
		204922B21B45D8DB00C22245 /* TKTextFieldCell.h */ = {isa = PBXFileReference; fileEncoding = 4; lastKnownFileType = sourcecode.c.h; path = TKTextFieldCell.h; sourceTree = "<group>"; };
		204922B31B45D8DB00C22245 /* TKTextFieldCell.m */ = {isa = PBXFileReference; fileEncoding = 4; lastKnownFileType = sourcecode.c.objc; path = TKTextFieldCell.m; sourceTree = "<group>"; };
		204922B61B46EF9200C22245 /* TKTextView.h */ = {isa = PBXFileReference; fileEncoding = 4; lastKnownFileType = sourcecode.c.h; path = TKTextView.h; sourceTree = "<group>"; };
		204922B71B46EF9200C22245 /* TKTextView.m */ = {isa = PBXFileReference; fileEncoding = 4; lastKnownFileType = sourcecode.c.objc; path = TKTextView.m; sourceTree = "<group>"; };
		204922C21B46F15900C22245 /* NSDate+TKCategory.h */ = {isa = PBXFileReference; fileEncoding = 4; lastKnownFileType = sourcecode.c.h; path = "NSDate+TKCategory.h"; sourceTree = "<group>"; };
		204922C31B46F15900C22245 /* NSDate+TKCategory.m */ = {isa = PBXFileReference; fileEncoding = 4; lastKnownFileType = sourcecode.c.objc; path = "NSDate+TKCategory.m"; sourceTree = "<group>"; };
		20785F6F1AD8388E000DC57F /* NSStringTests.h */ = {isa = PBXFileReference; fileEncoding = 4; lastKnownFileType = sourcecode.c.h; path = NSStringTests.h; sourceTree = "<group>"; };
		20785F701AD8388E000DC57F /* NSStringTests.m */ = {isa = PBXFileReference; fileEncoding = 4; lastKnownFileType = sourcecode.c.objc; path = NSStringTests.m; sourceTree = "<group>"; };
		20785F711AD8388E000DC57F /* UIViewTests.h */ = {isa = PBXFileReference; fileEncoding = 4; lastKnownFileType = sourcecode.c.h; path = UIViewTests.h; sourceTree = "<group>"; };
		20785F721AD8388E000DC57F /* UIViewTests.m */ = {isa = PBXFileReference; fileEncoding = 4; lastKnownFileType = sourcecode.c.objc; path = UIViewTests.m; sourceTree = "<group>"; };
		20785F731AD8388E000DC57F /* NSArrayTests.h */ = {isa = PBXFileReference; fileEncoding = 4; lastKnownFileType = sourcecode.c.h; path = NSArrayTests.h; sourceTree = "<group>"; };
		20785F741AD8388E000DC57F /* NSArrayTests.m */ = {isa = PBXFileReference; fileEncoding = 4; lastKnownFileType = sourcecode.c.objc; path = NSArrayTests.m; sourceTree = "<group>"; };
		20785F751AD8388E000DC57F /* DataTests.h */ = {isa = PBXFileReference; fileEncoding = 4; lastKnownFileType = sourcecode.c.h; path = DataTests.h; sourceTree = "<group>"; };
		20785F761AD8388E000DC57F /* DataTests.m */ = {isa = PBXFileReference; fileEncoding = 4; lastKnownFileType = sourcecode.c.objc; path = DataTests.m; sourceTree = "<group>"; };
		2078600C1AD84A87000DC57F /* TKCreditCardCVVTextField.h */ = {isa = PBXFileReference; fileEncoding = 4; lastKnownFileType = sourcecode.c.h; path = TKCreditCardCVVTextField.h; sourceTree = "<group>"; };
		2078600D1AD84A87000DC57F /* TKCreditCardCVVTextField.m */ = {isa = PBXFileReference; fileEncoding = 4; lastKnownFileType = sourcecode.c.objc; path = TKCreditCardCVVTextField.m; sourceTree = "<group>"; };
		2078600E1AD84A87000DC57F /* TKCreditCardExpirationTextField.h */ = {isa = PBXFileReference; fileEncoding = 4; lastKnownFileType = sourcecode.c.h; path = TKCreditCardExpirationTextField.h; sourceTree = "<group>"; };
		2078600F1AD84A87000DC57F /* TKCreditCardExpirationTextField.m */ = {isa = PBXFileReference; fileEncoding = 4; lastKnownFileType = sourcecode.c.objc; path = TKCreditCardExpirationTextField.m; sourceTree = "<group>"; };
		207860101AD84A87000DC57F /* TKCreditCardNumberTextField.h */ = {isa = PBXFileReference; fileEncoding = 4; lastKnownFileType = sourcecode.c.h; path = TKCreditCardNumberTextField.h; sourceTree = "<group>"; };
		207860111AD84A87000DC57F /* TKCreditCardNumberTextField.m */ = {isa = PBXFileReference; fileEncoding = 4; lastKnownFileType = sourcecode.c.objc; path = TKCreditCardNumberTextField.m; sourceTree = "<group>"; };
		207860121AD84A87000DC57F /* TKCreditCardZipTextField.h */ = {isa = PBXFileReference; fileEncoding = 4; lastKnownFileType = sourcecode.c.h; path = TKCreditCardZipTextField.h; sourceTree = "<group>"; };
		207860131AD84A87000DC57F /* TKCreditCardZipTextField.m */ = {isa = PBXFileReference; fileEncoding = 4; lastKnownFileType = sourcecode.c.objc; path = TKCreditCardZipTextField.m; sourceTree = "<group>"; };
		207860241AD84F11000DC57F /* NSURLSession+TKCategory.h */ = {isa = PBXFileReference; fileEncoding = 4; lastKnownFileType = sourcecode.c.h; path = "NSURLSession+TKCategory.h"; sourceTree = "<group>"; };
		207860251AD84F11000DC57F /* NSURLSession+TKCategory.m */ = {isa = PBXFileReference; fileEncoding = 4; lastKnownFileType = sourcecode.c.objc; path = "NSURLSession+TKCategory.m"; sourceTree = "<group>"; };
		2097F33C1B3D94C300247736 /* TKWindow.h */ = {isa = PBXFileReference; fileEncoding = 4; lastKnownFileType = sourcecode.c.h; path = TKWindow.h; sourceTree = "<group>"; };
		2097F33D1B3D94C300247736 /* TKWindow.m */ = {isa = PBXFileReference; fileEncoding = 4; lastKnownFileType = sourcecode.c.objc; path = TKWindow.m; sourceTree = "<group>"; };
		2098BA221B0F6C4F000E0074 /* NSTimer+Blocks.h */ = {isa = PBXFileReference; fileEncoding = 4; lastKnownFileType = sourcecode.c.h; path = "NSTimer+Blocks.h"; sourceTree = "<group>"; };
		2098BA231B0F6C4F000E0074 /* NSTimer+Blocks.m */ = {isa = PBXFileReference; fileEncoding = 4; lastKnownFileType = sourcecode.c.objc; path = "NSTimer+Blocks.m"; sourceTree = "<group>"; };
		20A46DDD1B61C097004A4153 /* TKPhoneNumberTextField.h */ = {isa = PBXFileReference; fileEncoding = 4; lastKnownFileType = sourcecode.c.h; path = TKPhoneNumberTextField.h; sourceTree = "<group>"; };
		20A46DDE1B61C097004A4153 /* TKPhoneNumberTextField.m */ = {isa = PBXFileReference; fileEncoding = 4; lastKnownFileType = sourcecode.c.objc; path = TKPhoneNumberTextField.m; sourceTree = "<group>"; };
		20A75C5E1AD82C8500E2106A /* Headers.h */ = {isa = PBXFileReference; fileEncoding = 4; lastKnownFileType = sourcecode.c.h; path = Headers.h; sourceTree = "<group>"; };
		20A75C661AD8332F00E2106A /* TKSectionedScrollView.h */ = {isa = PBXFileReference; fileEncoding = 4; lastKnownFileType = sourcecode.c.h; path = TKSectionedScrollView.h; sourceTree = "<group>"; };
		20A75C671AD8332F00E2106A /* TKSectionedScrollView.m */ = {isa = PBXFileReference; fileEncoding = 4; lastKnownFileType = sourcecode.c.objc; path = TKSectionedScrollView.m; sourceTree = "<group>"; };
		20A75C831AD836DD00E2106A /* NSBundle+TKCategory.h */ = {isa = PBXFileReference; fileEncoding = 4; lastKnownFileType = sourcecode.c.h; path = "NSBundle+TKCategory.h"; sourceTree = "<group>"; };
		20A75C841AD836DD00E2106A /* NSBundle+TKCategory.m */ = {isa = PBXFileReference; fileEncoding = 4; lastKnownFileType = sourcecode.c.objc; path = "NSBundle+TKCategory.m"; sourceTree = "<group>"; };
		20CAE0D21B0953E40088740E /* TKSwitchCell.h */ = {isa = PBXFileReference; fileEncoding = 4; lastKnownFileType = sourcecode.c.h; path = TKSwitchCell.h; sourceTree = "<group>"; };
		20CAE0D31B0953E40088740E /* TKSwitchCell.m */ = {isa = PBXFileReference; fileEncoding = 4; lastKnownFileType = sourcecode.c.objc; path = TKSwitchCell.m; sourceTree = "<group>"; };
		20CB9CF11AF3E4B0002E9F1C /* UIActionSheet+Blocks.h */ = {isa = PBXFileReference; fileEncoding = 4; lastKnownFileType = sourcecode.c.h; name = "UIActionSheet+Blocks.h"; path = "curry/Categories/UIKit/Controllers/UIActionSheet+Blocks.h"; sourceTree = SOURCE_ROOT; };
		20CB9CF21AF3E4B0002E9F1C /* UIActionSheet+Blocks.m */ = {isa = PBXFileReference; fileEncoding = 4; lastKnownFileType = sourcecode.c.objc; name = "UIActionSheet+Blocks.m"; path = "curry/Categories/UIKit/Controllers/UIActionSheet+Blocks.m"; sourceTree = SOURCE_ROOT; };
		20CB9CFC1AF3F126002E9F1C /* UIAlertView+Blocks.h */ = {isa = PBXFileReference; fileEncoding = 4; lastKnownFileType = sourcecode.c.h; name = "UIAlertView+Blocks.h"; path = "../Controllers/UIAlertView+Blocks.h"; sourceTree = "<group>"; };
		20CB9CFD1AF3F126002E9F1C /* UIAlertView+Blocks.m */ = {isa = PBXFileReference; fileEncoding = 4; lastKnownFileType = sourcecode.c.objc; name = "UIAlertView+Blocks.m"; path = "../Controllers/UIAlertView+Blocks.m"; sourceTree = "<group>"; };
		20CB9D001AF405CD002E9F1C /* UIControl+Blocks.h */ = {isa = PBXFileReference; fileEncoding = 4; lastKnownFileType = sourcecode.c.h; name = "UIControl+Blocks.h"; path = "../Controllers/UIControl+Blocks.h"; sourceTree = "<group>"; };
		20CB9D011AF405CD002E9F1C /* UIControl+Blocks.m */ = {isa = PBXFileReference; fileEncoding = 4; lastKnownFileType = sourcecode.c.objc; name = "UIControl+Blocks.m"; path = "../Controllers/UIControl+Blocks.m"; sourceTree = "<group>"; };
		20DDB5891B45A97C001C7751 /* TKStepperCell.h */ = {isa = PBXFileReference; fileEncoding = 4; lastKnownFileType = sourcecode.c.h; path = TKStepperCell.h; sourceTree = "<group>"; };
		20DDB58A1B45A97C001C7751 /* TKStepperCell.m */ = {isa = PBXFileReference; fileEncoding = 4; lastKnownFileType = sourcecode.c.objc; path = TKStepperCell.m; sourceTree = "<group>"; };
		20E110721B3B2651006A2CD6 /* TKVideoViewController.h */ = {isa = PBXFileReference; fileEncoding = 4; lastKnownFileType = sourcecode.c.h; path = TKVideoViewController.h; sourceTree = "<group>"; };
		20E110731B3B2651006A2CD6 /* TKVideoViewController.m */ = {isa = PBXFileReference; fileEncoding = 4; lastKnownFileType = sourcecode.c.objc; path = TKVideoViewController.m; sourceTree = "<group>"; };
		20E131C81AF4107F0011492F /* UILabel+Initializers.h */ = {isa = PBXFileReference; fileEncoding = 4; lastKnownFileType = sourcecode.c.h; path = "UILabel+Initializers.h"; sourceTree = "<group>"; };
		20E131C91AF4107F0011492F /* UILabel+Initializers.m */ = {isa = PBXFileReference; fileEncoding = 4; lastKnownFileType = sourcecode.c.objc; path = "UILabel+Initializers.m"; sourceTree = "<group>"; };
		20E131CA1AF4107F0011492F /* UIView+Initializers.h */ = {isa = PBXFileReference; fileEncoding = 4; lastKnownFileType = sourcecode.c.h; path = "UIView+Initializers.h"; sourceTree = "<group>"; };
		20E131CB1AF4107F0011492F /* UIView+Initializers.m */ = {isa = PBXFileReference; fileEncoding = 4; lastKnownFileType = sourcecode.c.objc; path = "UIView+Initializers.m"; sourceTree = "<group>"; };
		20F19B171AE07E8500077DA1 /* UIGestureRecognizer+Blocks.h */ = {isa = PBXFileReference; fileEncoding = 4; lastKnownFileType = sourcecode.c.h; path = "UIGestureRecognizer+Blocks.h"; sourceTree = "<group>"; };
		20F19B181AE07E8500077DA1 /* UIGestureRecognizer+Blocks.m */ = {isa = PBXFileReference; fileEncoding = 4; lastKnownFileType = sourcecode.c.objc; path = "UIGestureRecognizer+Blocks.m"; sourceTree = "<group>"; };
/* End PBXFileReference section */

/* Begin PBXFrameworksBuildPhase section */
		200B62511AD7FB450049E35C /* Frameworks */ = {
			isa = PBXFrameworksBuildPhase;
			buildActionMask = 2147483647;
			files = (
			);
			runOnlyForDeploymentPostprocessing = 0;
		};
		200B625D1AD7FB460049E35C /* Frameworks */ = {
			isa = PBXFrameworksBuildPhase;
			buildActionMask = 2147483647;
			files = (
				200B62611AD7FB460049E35C /* curry.framework in Frameworks */,
			);
			runOnlyForDeploymentPostprocessing = 0;
		};
/* End PBXFrameworksBuildPhase section */

/* Begin PBXGroup section */
		200B624B1AD7FB450049E35C = {
			isa = PBXGroup;
			children = (
				200B62571AD7FB460049E35C /* curry */,
				200B62641AD7FB460049E35C /* curryTests */,
				200B62561AD7FB460049E35C /* Products */,
			);
			sourceTree = "<group>";
		};
		200B62561AD7FB460049E35C /* Products */ = {
			isa = PBXGroup;
			children = (
				200B62551AD7FB460049E35C /* curry.framework */,
				200B62601AD7FB460049E35C /* curryTests.xctest */,
			);
			name = Products;
			sourceTree = "<group>";
		};
		200B62571AD7FB460049E35C /* curry */ = {
			isa = PBXGroup;
			children = (
				200B625A1AD7FB460049E35C /* curry.h */,
				20A75C5E1AD82C8500E2106A /* Headers.h */,
				200B62721AD7FBDC0049E35C /* TKFoundation.h */,
				200B629A1AD7FD4B0049E35C /* Categories */,
				200B63231AD805400049E35C /* ViewControllers */,
				200B63221AD805320049E35C /* Views */,
				2078601E1AD84AB2000DC57F /* CreditCard */,
				200B635C1AD8140D0049E35C /* Extra */,
				200B62581AD7FB460049E35C /* Supporting Files */,
			);
			path = curry;
			sourceTree = "<group>";
		};
		200B62581AD7FB460049E35C /* Supporting Files */ = {
			isa = PBXGroup;
			children = (
				200B62591AD7FB460049E35C /* Info.plist */,
				202DBEEA1AF6717A00B0CE67 /* CurryImages.xcassets */,
			);
			path = "Supporting Files";
			sourceTree = "<group>";
		};
		200B62641AD7FB460049E35C /* curryTests */ = {
			isa = PBXGroup;
			children = (
				200B62671AD7FB460049E35C /* curryTests.m */,
				20785F6F1AD8388E000DC57F /* NSStringTests.h */,
				20785F701AD8388E000DC57F /* NSStringTests.m */,
				20785F711AD8388E000DC57F /* UIViewTests.h */,
				20785F721AD8388E000DC57F /* UIViewTests.m */,
				20785F731AD8388E000DC57F /* NSArrayTests.h */,
				20785F741AD8388E000DC57F /* NSArrayTests.m */,
				20785F751AD8388E000DC57F /* DataTests.h */,
				20785F761AD8388E000DC57F /* DataTests.m */,
				200B62651AD7FB460049E35C /* Supporting Files */,
			);
			path = curryTests;
			sourceTree = "<group>";
		};
		200B62651AD7FB460049E35C /* Supporting Files */ = {
			isa = PBXGroup;
			children = (
				200B62661AD7FB460049E35C /* Info.plist */,
			);
			path = "Supporting Files";
			sourceTree = "<group>";
		};
		200B629A1AD7FD4B0049E35C /* Categories */ = {
			isa = PBXGroup;
			children = (
				200B62F81AD7FF6A0049E35C /* Foundation */,
				200B62F91AD7FF9D0049E35C /* UIKit */,
				200B62AF1AD7FE100049E35C /* Animations */,
			);
			path = Categories;
			sourceTree = "<group>";
		};
		200B62AF1AD7FE100049E35C /* Animations */ = {
			isa = PBXGroup;
			children = (
				200B629F1AD7FE0D0049E35C /* UIView+TKAnimation.h */,
				200B62A01AD7FE0D0049E35C /* UIView+TKAnimation.m */,
				200B62A11AD7FE0D0049E35C /* CALayer+TKAnimation.h */,
				200B62A21AD7FE0D0049E35C /* CALayer+TKAnimation.m */,
				200B62A31AD7FE0D0049E35C /* CAKeyframeAnimation+TKAnimation.h */,
				200B62A41AD7FE0D0049E35C /* CAKeyframeAnimation+TKAnimation.m */,
				200B62A51AD7FE0D0049E35C /* CAAnimation+TKAnimation.h */,
				200B62A61AD7FE0D0049E35C /* CAAnimation+TKAnimation.m */,
			);
			path = Animations;
			sourceTree = "<group>";
		};
		200B62F81AD7FF6A0049E35C /* Foundation */ = {
			isa = PBXGroup;
			children = (
				200B629B1AD7FD660049E35C /* NSObject+JSON.h */,
				200B629C1AD7FD660049E35C /* NSObject+JSON.m */,
				200B62761AD7FC5E0049E35C /* NSObject+TKCategory.h */,
				200B62771AD7FC5E0049E35C /* NSObject+TKCategory.m */,
				200B62781AD7FC5E0049E35C /* NSString+TKCategory.h */,
				200B62791AD7FC5E0049E35C /* NSString+TKCategory.m */,
				204922C21B46F15900C22245 /* NSDate+TKCategory.h */,
				204922C31B46F15900C22245 /* NSDate+TKCategory.m */,
				200B627A1AD7FC5E0049E35C /* NSArray+TKCategory.h */,
				200B627B1AD7FC5E0049E35C /* NSArray+TKCategory.m */,
				200B627C1AD7FC5E0049E35C /* NSMutableArray+TKCategory.h */,
				200B627D1AD7FC5E0049E35C /* NSMutableArray+TKCategory.m */,
				200B62801AD7FC5E0049E35C /* NSAttributedString+TKCategory.h */,
				200B62811AD7FC5E0049E35C /* NSAttributedString+TKCategory.m */,
				200B62821AD7FC5E0049E35C /* NSMutableAttributedString+TKCategory.h */,
				200B62831AD7FC5E0049E35C /* NSMutableAttributedString+TKCategory.m */,
				20A75C831AD836DD00E2106A /* NSBundle+TKCategory.h */,
				20A75C841AD836DD00E2106A /* NSBundle+TKCategory.m */,
				207860241AD84F11000DC57F /* NSURLSession+TKCategory.h */,
				207860251AD84F11000DC57F /* NSURLSession+TKCategory.m */,
				2098BA221B0F6C4F000E0074 /* NSTimer+Blocks.h */,
				2098BA231B0F6C4F000E0074 /* NSTimer+Blocks.m */,
			);
			path = Foundation;
			sourceTree = "<group>";
		};
		200B62F91AD7FF9D0049E35C /* UIKit */ = {
			isa = PBXGroup;
			children = (
				200B62FC1AD800310049E35C /* Base */,
				200B62FD1AD800520049E35C /* Views */,
				200B62FB1AD7FFED0049E35C /* Elements */,
				200B62FA1AD7FFD90049E35C /* Controllers */,
			);
			path = UIKit;
			sourceTree = "<group>";
		};
		200B62FA1AD7FFD90049E35C /* Controllers */ = {
			isa = PBXGroup;
			children = (
				200B62C61AD7FEF80049E35C /* UIViewController+TKCategory.h */,
				200B62C71AD7FEF80049E35C /* UIViewController+TKCategory.m */,
				200B62C21AD7FEF80049E35C /* UIImagePickerController+TKCategory.h */,
				200B62C31AD7FEF80049E35C /* UIImagePickerController+TKCategory.m */,
			);
			path = Controllers;
			sourceTree = "<group>";
		};
		200B62FB1AD7FFED0049E35C /* Elements */ = {
			isa = PBXGroup;
			children = (
				200B62B41AD7FEF80049E35C /* UIImage+TKCategory.h */,
				200B62B51AD7FEF80049E35C /* UIImage+TKCategory.m */,
				200B62D01AD7FEF80049E35C /* UIFont+TKCategory.h */,
				200B62D11AD7FEF80049E35C /* UIFont+TKCategory.m */,
				200B62BC1AD7FEF80049E35C /* UIColor+TKCategory.h */,
				200B62BD1AD7FEF80049E35C /* UIColor+TKCategory.m */,
				200B62C41AD7FEF80049E35C /* UIGestureRecognizer+TKCategory.h */,
				200B62C51AD7FEF80049E35C /* UIGestureRecognizer+TKCategory.m */,
				20F19B171AE07E8500077DA1 /* UIGestureRecognizer+Blocks.h */,
				20F19B181AE07E8500077DA1 /* UIGestureRecognizer+Blocks.m */,
			);
			path = Elements;
			sourceTree = "<group>";
		};
		200B62FC1AD800310049E35C /* Base */ = {
			isa = PBXGroup;
			children = (
				200B62D41AD7FEF80049E35C /* UIApplication+TKCategory.h */,
				200B62D51AD7FEF80049E35C /* UIApplication+TKCategory.m */,
				200B62841AD7FC5E0049E35C /* UIDevice+TKCategory.h */,
				200B62851AD7FC5E0049E35C /* UIDevice+TKCategory.m */,
				200B62C81AD7FEF80049E35C /* UIScreen+TKCategory.h */,
				200B62C91AD7FEF80049E35C /* UIScreen+TKCategory.m */,
			);
			path = Base;
			sourceTree = "<group>";
		};
		200B62FD1AD800520049E35C /* Views */ = {
			isa = PBXGroup;
			children = (
				200B62861AD7FC5E0049E35C /* UIView+TKCategory.h */,
				200B62871AD7FC5E0049E35C /* UIView+TKCategory.m */,
				200B62BE1AD7FEF80049E35C /* UIScrollview+TKCategory.h */,
				200B62BF1AD7FEF80049E35C /* UIScrollview+TKCategory.m */,
				200B62CA1AD7FEF80049E35C /* UILabel+TKCategory.h */,
				200B62CB1AD7FEF80049E35C /* UILabel+TKCategory.m */,
				200B62B61AD7FEF80049E35C /* UITextField+TKCategory.h */,
				200B62B71AD7FEF80049E35C /* UITextField+TKCategory.m */,
				200B62B81AD7FEF80049E35C /* UIImageView+TKCategory.h */,
				200B62B91AD7FEF80049E35C /* UIImageView+TKCategory.m */,
				200B62BA1AD7FEF80049E35C /* UIButton+TKCategory.h */,
				200B62BB1AD7FEF80049E35C /* UIButton+TKCategory.m */,
				200B62D21AD7FEF80049E35C /* UINavigationBar+TKCategory.h */,
				200B62D31AD7FEF80049E35C /* UINavigationBar+TKCategory.m */,
				200B62C01AD7FEF80049E35C /* UIBarButtonItem+TKCategory.h */,
				200B62C11AD7FEF80049E35C /* UIBarButtonItem+TKCategory.m */,
				20E131CA1AF4107F0011492F /* UIView+Initializers.h */,
				20E131CB1AF4107F0011492F /* UIView+Initializers.m */,
				20E131C81AF4107F0011492F /* UILabel+Initializers.h */,
				20E131C91AF4107F0011492F /* UILabel+Initializers.m */,
				200B62CC1AD7FEF80049E35C /* UIAlertView+TKCategory.h */,
				200B62CD1AD7FEF80049E35C /* UIAlertView+TKCategory.m */,
				200B62CE1AD7FEF80049E35C /* UIActionSheet+TKCategory.h */,
				200B62CF1AD7FEF80049E35C /* UIActionSheet+TKCategory.m */,
				20CB9CF11AF3E4B0002E9F1C /* UIActionSheet+Blocks.h */,
				20CB9CF21AF3E4B0002E9F1C /* UIActionSheet+Blocks.m */,
				20CB9CFC1AF3F126002E9F1C /* UIAlertView+Blocks.h */,
				20CB9CFD1AF3F126002E9F1C /* UIAlertView+Blocks.m */,
				20CB9D001AF405CD002E9F1C /* UIControl+Blocks.h */,
				20CB9D011AF405CD002E9F1C /* UIControl+Blocks.m */,
			);
			path = Views;
			sourceTree = "<group>";
		};
		200B63221AD805320049E35C /* Views */ = {
			isa = PBXGroup;
			children = (
				202DBEC51AF4347F00B0CE67 /* Keyboard */,
				200B63061AD804340049E35C /* TKGradientView.h */,
				200B63071AD804340049E35C /* TKGradientView.m */,
				2097F33C1B3D94C300247736 /* TKWindow.h */,
				2097F33D1B3D94C300247736 /* TKWindow.m */,
				204922B61B46EF9200C22245 /* TKTextView.h */,
				204922B71B46EF9200C22245 /* TKTextView.m */,
				200B63081AD804340049E35C /* TKShapeView.h */,
				200B63091AD804340049E35C /* TKShapeView.m */,
				20CAE0D21B0953E40088740E /* TKSwitchCell.h */,
				20CAE0D31B0953E40088740E /* TKSwitchCell.m */,
				204922B21B45D8DB00C22245 /* TKTextFieldCell.h */,
				204922B31B45D8DB00C22245 /* TKTextFieldCell.m */,
				20DDB5891B45A97C001C7751 /* TKStepperCell.h */,
				20DDB58A1B45A97C001C7751 /* TKStepperCell.m */,
				200B63161AD804400049E35C /* TKExtendedScrollView.h */,
				200B63171AD804400049E35C /* TKExtendedScrollView.m */,
				20A75C661AD8332F00E2106A /* TKSectionedScrollView.h */,
				20A75C671AD8332F00E2106A /* TKSectionedScrollView.m */,
				202DBEF21AF6727A00B0CE67 /* TKCurrentTimeLabel.h */,
				202DBEF31AF6727A00B0CE67 /* TKCurrentTimeLabel.m */,
			);
			path = Views;
			sourceTree = "<group>";
		};
		200B63231AD805400049E35C /* ViewControllers */ = {
			isa = PBXGroup;
			children = (
				202DBE6F1AF4121C00B0CE67 /* TKCustomPresentationViewController.h */,
				202DBE701AF4121C00B0CE67 /* TKCustomPresentationViewController.m */,
				200B631E1AD804E30049E35C /* TKCardModalViewController.h */,
				200B631F1AD804E30049E35C /* TKCardModalViewController.m */,
				200B62FE1AD804340049E35C /* TKTableViewController.h */,
				200B62FF1AD804340049E35C /* TKTableViewController.m */,
				200B63001AD804340049E35C /* TKKeyboardTableViewController.h */,
				200B63011AD804340049E35C /* TKKeyboardTableViewController.m */,
				200B63041AD804340049E35C /* TKWebViewController.h */,
				200B63051AD804340049E35C /* TKWebViewController.m */,
				20E110721B3B2651006A2CD6 /* TKVideoViewController.h */,
				20E110731B3B2651006A2CD6 /* TKVideoViewController.m */,
			);
			path = ViewControllers;
			sourceTree = "<group>";
		};
		200B635C1AD8140D0049E35C /* Extra */ = {
			isa = PBXGroup;
			children = (
				200B63181AD804400049E35C /* TKSoundAlertController.h */,
				200B63191AD804400049E35C /* TKSoundAlertController.m */,
			);
			path = Extra;
			sourceTree = "<group>";
		};
		202DBEC51AF4347F00B0CE67 /* Keyboard */ = {
			isa = PBXGroup;
			children = (
				202DBEAD1AF4347A00B0CE67 /* TKInputView.h */,
				202DBEAE1AF4347A00B0CE67 /* TKInputView.m */,
				202DBEAF1AF4347A00B0CE67 /* TKInputKey.h */,
				202DBEB01AF4347A00B0CE67 /* TKInputKey.m */,
				202DBEB11AF4347A00B0CE67 /* TKNumberInputView.h */,
				202DBEB21AF4347A00B0CE67 /* TKNumberInputView.m */,
				202DBEB31AF4347A00B0CE67 /* TKDecimalInputView.h */,
				202DBEB41AF4347A00B0CE67 /* TKDecimalInputView.m */,
				202DBEB51AF4347A00B0CE67 /* TKNumberInputWithNextKeyView.h */,
				202DBEB61AF4347A00B0CE67 /* TKNumberInputWithNextKeyView.m */,
				202DBEB71AF4347A00B0CE67 /* TKDecimalInputWithNextKeyView.h */,
				202DBEB81AF4347A00B0CE67 /* TKDecimalInputWithNextKeyView.m */,
			);
			name = Keyboard;
			sourceTree = "<group>";
		};
		2078601E1AD84AB2000DC57F /* CreditCard */ = {
			isa = PBXGroup;
			children = (
				207860101AD84A87000DC57F /* TKCreditCardNumberTextField.h */,
				207860111AD84A87000DC57F /* TKCreditCardNumberTextField.m */,
				2078600C1AD84A87000DC57F /* TKCreditCardCVVTextField.h */,
				2078600D1AD84A87000DC57F /* TKCreditCardCVVTextField.m */,
				2078600E1AD84A87000DC57F /* TKCreditCardExpirationTextField.h */,
				2078600F1AD84A87000DC57F /* TKCreditCardExpirationTextField.m */,
				207860121AD84A87000DC57F /* TKCreditCardZipTextField.h */,
				207860131AD84A87000DC57F /* TKCreditCardZipTextField.m */,
				20A46DDD1B61C097004A4153 /* TKPhoneNumberTextField.h */,
				20A46DDE1B61C097004A4153 /* TKPhoneNumberTextField.m */,
			);
			path = CreditCard;
			sourceTree = "<group>";
		};
/* End PBXGroup section */

/* Begin PBXHeadersBuildPhase section */
		200B62521AD7FB450049E35C /* Headers */ = {
			isa = PBXHeadersBuildPhase;
			buildActionMask = 2147483647;
			files = (
				200B630C1AD804350049E35C /* TKKeyboardTableViewController.h in Headers */,
				200B62E21AD7FEF80049E35C /* UIBarButtonItem+TKCategory.h in Headers */,
				200B62741AD7FBDC0049E35C /* TKFoundation.h in Headers */,
				200B62F41AD7FEF80049E35C /* UINavigationBar+TKCategory.h in Headers */,
				200B628E1AD7FC5E0049E35C /* NSMutableArray+TKCategory.h in Headers */,
				200B63141AD804350049E35C /* TKShapeView.h in Headers */,
				200B62961AD7FC5E0049E35C /* UIDevice+TKCategory.h in Headers */,
				200B62F01AD7FEF80049E35C /* UIActionSheet+TKCategory.h in Headers */,
				200B62F21AD7FEF80049E35C /* UIFont+TKCategory.h in Headers */,
				200B62F61AD7FEF80049E35C /* UIApplication+TKCategory.h in Headers */,
				200B62881AD7FC5E0049E35C /* NSObject+TKCategory.h in Headers */,
				200B628C1AD7FC5E0049E35C /* NSArray+TKCategory.h in Headers */,
				200B62DA1AD7FEF80049E35C /* UIImageView+TKCategory.h in Headers */,
				200B62A71AD7FE0D0049E35C /* UIView+TKAnimation.h in Headers */,
				200B62E01AD7FEF80049E35C /* UIScrollview+TKCategory.h in Headers */,
				200B62D81AD7FEF80049E35C /* UITextField+TKCategory.h in Headers */,
				200B62D61AD7FEF80049E35C /* UIImage+TKCategory.h in Headers */,
				200B62AB1AD7FE0D0049E35C /* CAKeyframeAnimation+TKAnimation.h in Headers */,
				200B62921AD7FC5E0049E35C /* NSAttributedString+TKCategory.h in Headers */,
				200B630A1AD804350049E35C /* TKTableViewController.h in Headers */,
				200B62E61AD7FEF80049E35C /* UIGestureRecognizer+TKCategory.h in Headers */,
				200B625B1AD7FB460049E35C /* curry.h in Headers */,
				200B62EC1AD7FEF80049E35C /* UILabel+TKCategory.h in Headers */,
				200B631C1AD804400049E35C /* TKSoundAlertController.h in Headers */,
				200B62EE1AD7FEF80049E35C /* UIAlertView+TKCategory.h in Headers */,
				200B62941AD7FC5E0049E35C /* NSMutableAttributedString+TKCategory.h in Headers */,
				200B62A91AD7FE0D0049E35C /* CALayer+TKAnimation.h in Headers */,
				200B628A1AD7FC5E0049E35C /* NSString+TKCategory.h in Headers */,
				200B62AD1AD7FE0D0049E35C /* CAAnimation+TKAnimation.h in Headers */,
				200B62EA1AD7FEF80049E35C /* UIScreen+TKCategory.h in Headers */,
				200B63201AD804E30049E35C /* TKCardModalViewController.h in Headers */,
				200B63101AD804350049E35C /* TKWebViewController.h in Headers */,
				200B631A1AD804400049E35C /* TKExtendedScrollView.h in Headers */,
				20A75C681AD8332F00E2106A /* TKSectionedScrollView.h in Headers */,
				20A75C851AD836DD00E2106A /* NSBundle+TKCategory.h in Headers */,
				20A75C5F1AD82C8500E2106A /* Headers.h in Headers */,
				200B62E41AD7FEF80049E35C /* UIImagePickerController+TKCategory.h in Headers */,
				200B62DC1AD7FEF80049E35C /* UIButton+TKCategory.h in Headers */,
				200B63121AD804350049E35C /* TKGradientView.h in Headers */,
				2078601A1AD84A87000DC57F /* TKCreditCardNumberTextField.h in Headers */,
				207860161AD84A87000DC57F /* TKCreditCardCVVTextField.h in Headers */,
				2078601C1AD84A87000DC57F /* TKCreditCardZipTextField.h in Headers */,
				207860181AD84A87000DC57F /* TKCreditCardExpirationTextField.h in Headers */,
				200B62E81AD7FEF80049E35C /* UIViewController+TKCategory.h in Headers */,
				207860261AD84F11000DC57F /* NSURLSession+TKCategory.h in Headers */,
				20F19B191AE07E8500077DA1 /* UIGestureRecognizer+Blocks.h in Headers */,
				200B629D1AD7FD660049E35C /* NSObject+JSON.h in Headers */,
				200B62981AD7FC5E0049E35C /* UIView+TKCategory.h in Headers */,
				20CB9CFE1AF3F126002E9F1C /* UIAlertView+Blocks.h in Headers */,
				20CB9D021AF405CD002E9F1C /* UIControl+Blocks.h in Headers */,
				202DBEBB1AF4347A00B0CE67 /* TKInputKey.h in Headers */,
				202DBEC11AF4347A00B0CE67 /* TKNumberInputWithNextKeyView.h in Headers */,
				202DBEBD1AF4347A00B0CE67 /* TKNumberInputView.h in Headers */,
				202DBEB91AF4347A00B0CE67 /* TKInputView.h in Headers */,
				202DBEC31AF4347A00B0CE67 /* TKDecimalInputWithNextKeyView.h in Headers */,
				202DBEBF1AF4347A00B0CE67 /* TKDecimalInputView.h in Headers */,
				20E131CC1AF4107F0011492F /* UILabel+Initializers.h in Headers */,
				20E131CE1AF4107F0011492F /* UIView+Initializers.h in Headers */,
				20E110741B3B2651006A2CD6 /* TKVideoViewController.h in Headers */,
				202DBE711AF4121C00B0CE67 /* TKCustomPresentationViewController.h in Headers */,
				2098BA241B0F6C4F000E0074 /* NSTimer+Blocks.h in Headers */,
				20CAE0D41B0953E40088740E /* TKSwitchCell.h in Headers */,
				2097F33E1B3D94C300247736 /* TKWindow.h in Headers */,
				20CB9CF31AF3E4B0002E9F1C /* UIActionSheet+Blocks.h in Headers */,
				204922B41B45D8DB00C22245 /* TKTextFieldCell.h in Headers */,
				20DDB58B1B45A97C001C7751 /* TKStepperCell.h in Headers */,
				20A46DDF1B61C097004A4153 /* TKPhoneNumberTextField.h in Headers */,
				204922B81B46EF9200C22245 /* TKTextView.h in Headers */,
				204922C41B46F15900C22245 /* NSDate+TKCategory.h in Headers */,
				202DBEF41AF6727A00B0CE67 /* TKCurrentTimeLabel.h in Headers */,
				200B62DE1AD7FEF80049E35C /* UIColor+TKCategory.h in Headers */,
			);
			runOnlyForDeploymentPostprocessing = 0;
		};
/* End PBXHeadersBuildPhase section */

/* Begin PBXNativeTarget section */
		200B62541AD7FB450049E35C /* curry */ = {
			isa = PBXNativeTarget;
			buildConfigurationList = 200B626B1AD7FB460049E35C /* Build configuration list for PBXNativeTarget "curry" */;
			buildPhases = (
				200B62501AD7FB450049E35C /* Sources */,
				200B62511AD7FB450049E35C /* Frameworks */,
				200B62521AD7FB450049E35C /* Headers */,
				200B62531AD7FB450049E35C /* Resources */,
			);
			buildRules = (
			);
			dependencies = (
			);
			name = curry;
			productName = curry;
			productReference = 200B62551AD7FB460049E35C /* curry.framework */;
			productType = "com.apple.product-type.framework";
		};
		200B625F1AD7FB460049E35C /* curryTests */ = {
			isa = PBXNativeTarget;
			buildConfigurationList = 200B626E1AD7FB460049E35C /* Build configuration list for PBXNativeTarget "curryTests" */;
			buildPhases = (
				200B625C1AD7FB460049E35C /* Sources */,
				200B625D1AD7FB460049E35C /* Frameworks */,
				200B625E1AD7FB460049E35C /* Resources */,
			);
			buildRules = (
			);
			dependencies = (
				200B62631AD7FB460049E35C /* PBXTargetDependency */,
			);
			name = curryTests;
			productName = curryTests;
			productReference = 200B62601AD7FB460049E35C /* curryTests.xctest */;
			productType = "com.apple.product-type.bundle.unit-test";
		};
/* End PBXNativeTarget section */

/* Begin PBXProject section */
		200B624C1AD7FB450049E35C /* Project object */ = {
			isa = PBXProject;
			attributes = {
				LastUpgradeCheck = 0700;
				ORGANIZATIONNAME = "Devin Ross";
				TargetAttributes = {
					200B62541AD7FB450049E35C = {
						CreatedOnToolsVersion = 6.3;
					};
					200B625F1AD7FB460049E35C = {
						CreatedOnToolsVersion = 6.3;
					};
					203FB7FA1B410DE0000D3B43 = {
						CreatedOnToolsVersion = 6.3.2;
					};
				};
			};
			buildConfigurationList = 200B624F1AD7FB450049E35C /* Build configuration list for PBXProject "curry" */;
			compatibilityVersion = "Xcode 3.2";
			developmentRegion = English;
			hasScannedForEncodings = 0;
			knownRegions = (
				en,
			);
			mainGroup = 200B624B1AD7FB450049E35C;
			productRefGroup = 200B62561AD7FB460049E35C /* Products */;
			projectDirPath = "";
			projectRoot = "";
			targets = (
				200B62541AD7FB450049E35C /* curry */,
				200B625F1AD7FB460049E35C /* curryTests */,
				203FB7FA1B410DE0000D3B43 /* Documentation */,
			);
		};
/* End PBXProject section */

/* Begin PBXResourcesBuildPhase section */
		200B62531AD7FB450049E35C /* Resources */ = {
			isa = PBXResourcesBuildPhase;
			buildActionMask = 2147483647;
			files = (
				202DBEEB1AF6717A00B0CE67 /* CurryImages.xcassets in Resources */,
			);
			runOnlyForDeploymentPostprocessing = 0;
		};
		200B625E1AD7FB460049E35C /* Resources */ = {
			isa = PBXResourcesBuildPhase;
			buildActionMask = 2147483647;
			files = (
			);
			runOnlyForDeploymentPostprocessing = 0;
		};
/* End PBXResourcesBuildPhase section */

/* Begin PBXShellScriptBuildPhase section */
		203FB7FE1B410E30000D3B43 /* ShellScript */ = {
			isa = PBXShellScriptBuildPhase;
			buildActionMask = 2147483647;
			files = (
			);
			inputPaths = (
			);
			outputPaths = (
			);
			runOnlyForDeploymentPostprocessing = 0;
			shellPath = /bin/sh;
			shellScript = "#appledoc Xcode script\n# Start constants\ncompany=\"DevinRoss\";\ncompanyID=\"com.devinross\";\ncompanyURL=\"http://devinross.com\";\ntarget=\"iphoneos\";\n\n\n# End constants\n/usr/local/bin/appledoc \\\n--project-name \"${PROJECT_NAME}\" \\\n--project-company \"${company}\" \\\n--company-id \"${companyID}\" \\\n--docset-atom-filename \"${company}.atom\" \\\n--docset-feed-url \"${companyURL}/${company}/%DOCSETATOMFILENAME\" \\\n--docset-package-url \"${companyURL}/${company}/%DOCSETPACKAGEFILENAME\" \\\n--docset-fallback-url \"${companyURL}/${company}\" \\\n--publish-docset \\\n--docset-platform-family \"${target}\" \\\n--logformat xcode \\\n--keep-intermediate-files \\\n--no-repeat-first-par \\\n--no-warn-invalid-crossref \\\n--exit-threshold 2 \\\n--output \"~/Docs\" \\\n\"${PROJECT_DIR}/curry\"";
		};
/* End PBXShellScriptBuildPhase section */

/* Begin PBXSourcesBuildPhase section */
		200B62501AD7FB450049E35C /* Sources */ = {
			isa = PBXSourcesBuildPhase;
			buildActionMask = 2147483647;
			files = (
				200B62EF1AD7FEF80049E35C /* UIAlertView+TKCategory.m in Sources */,
				20E131CD1AF4107F0011492F /* UILabel+Initializers.m in Sources */,
				204922B51B45D8DB00C22245 /* TKTextFieldCell.m in Sources */,
				20F19B1A1AE07E8500077DA1 /* UIGestureRecognizer+Blocks.m in Sources */,
				20E110751B3B2651006A2CD6 /* TKVideoViewController.m in Sources */,
				20CB9D031AF405CD002E9F1C /* UIControl+Blocks.m in Sources */,
				200B631B1AD804400049E35C /* TKExtendedScrollView.m in Sources */,
				200B62DF1AD7FEF80049E35C /* UIColor+TKCategory.m in Sources */,
				202DBEC21AF4347A00B0CE67 /* TKNumberInputWithNextKeyView.m in Sources */,
				200B62E31AD7FEF80049E35C /* UIBarButtonItem+TKCategory.m in Sources */,
				200B62F51AD7FEF80049E35C /* UINavigationBar+TKCategory.m in Sources */,
				2098BA251B0F6C4F000E0074 /* NSTimer+Blocks.m in Sources */,
				202DBEC01AF4347A00B0CE67 /* TKDecimalInputView.m in Sources */,
				200B630B1AD804350049E35C /* TKTableViewController.m in Sources */,
				200B631D1AD804400049E35C /* TKSoundAlertController.m in Sources */,
				200B62951AD7FC5E0049E35C /* NSMutableAttributedString+TKCategory.m in Sources */,
				202DBEBA1AF4347A00B0CE67 /* TKInputView.m in Sources */,
				20CB9CFF1AF3F126002E9F1C /* UIAlertView+Blocks.m in Sources */,
				200B630D1AD804350049E35C /* TKKeyboardTableViewController.m in Sources */,
				200B628F1AD7FC5E0049E35C /* NSMutableArray+TKCategory.m in Sources */,
				202DBEF51AF6727A00B0CE67 /* TKCurrentTimeLabel.m in Sources */,
				200B62E11AD7FEF80049E35C /* UIScrollview+TKCategory.m in Sources */,
				200B62AA1AD7FE0D0049E35C /* CALayer+TKAnimation.m in Sources */,
				202DBE721AF4121C00B0CE67 /* TKCustomPresentationViewController.m in Sources */,
				200B62AC1AD7FE0D0049E35C /* CAKeyframeAnimation+TKAnimation.m in Sources */,
				2078601D1AD84A87000DC57F /* TKCreditCardZipTextField.m in Sources */,
				200B629E1AD7FD660049E35C /* NSObject+JSON.m in Sources */,
				200B628B1AD7FC5E0049E35C /* NSString+TKCategory.m in Sources */,
				207860271AD84F11000DC57F /* NSURLSession+TKCategory.m in Sources */,
				200B63151AD804350049E35C /* TKShapeView.m in Sources */,
				200B63131AD804350049E35C /* TKGradientView.m in Sources */,
				202DBEBE1AF4347A00B0CE67 /* TKNumberInputView.m in Sources */,
				20A75C691AD8332F00E2106A /* TKSectionedScrollView.m in Sources */,
				200B628D1AD7FC5E0049E35C /* NSArray+TKCategory.m in Sources */,
				20A46DE01B61C097004A4153 /* TKPhoneNumberTextField.m in Sources */,
				202DBEBC1AF4347A00B0CE67 /* TKInputKey.m in Sources */,
				20A75C861AD836DD00E2106A /* NSBundle+TKCategory.m in Sources */,
				20E131CF1AF4107F0011492F /* UIView+Initializers.m in Sources */,
				200B62D71AD7FEF80049E35C /* UIImage+TKCategory.m in Sources */,
				2078601B1AD84A87000DC57F /* TKCreditCardNumberTextField.m in Sources */,
				200B62AE1AD7FE0D0049E35C /* CAAnimation+TKAnimation.m in Sources */,
				200B62F71AD7FEF80049E35C /* UIApplication+TKCategory.m in Sources */,
				20CB9CF41AF3E4B0002E9F1C /* UIActionSheet+Blocks.m in Sources */,
				200B62931AD7FC5E0049E35C /* NSAttributedString+TKCategory.m in Sources */,
				207860191AD84A87000DC57F /* TKCreditCardExpirationTextField.m in Sources */,
				200B63111AD804350049E35C /* TKWebViewController.m in Sources */,
				20DDB58C1B45A97C001C7751 /* TKStepperCell.m in Sources */,
				200B62F31AD7FEF80049E35C /* UIFont+TKCategory.m in Sources */,
				200B62E51AD7FEF80049E35C /* UIImagePickerController+TKCategory.m in Sources */,
				200B62971AD7FC5E0049E35C /* UIDevice+TKCategory.m in Sources */,
				200B63211AD804E30049E35C /* TKCardModalViewController.m in Sources */,
				20CAE0D51B0953E40088740E /* TKSwitchCell.m in Sources */,
				200B62E71AD7FEF80049E35C /* UIGestureRecognizer+TKCategory.m in Sources */,
				200B62A81AD7FE0D0049E35C /* UIView+TKAnimation.m in Sources */,
				200B62DD1AD7FEF80049E35C /* UIButton+TKCategory.m in Sources */,
				200B62D91AD7FEF80049E35C /* UITextField+TKCategory.m in Sources */,
				2097F33F1B3D94C300247736 /* TKWindow.m in Sources */,
				202DBEC41AF4347A00B0CE67 /* TKDecimalInputWithNextKeyView.m in Sources */,
				200B62891AD7FC5E0049E35C /* NSObject+TKCategory.m in Sources */,
				200B62EB1AD7FEF80049E35C /* UIScreen+TKCategory.m in Sources */,
				200B62991AD7FC5E0049E35C /* UIView+TKCategory.m in Sources */,
				207860171AD84A87000DC57F /* TKCreditCardCVVTextField.m in Sources */,
				204922C51B46F15900C22245 /* NSDate+TKCategory.m in Sources */,
				200B62DB1AD7FEF80049E35C /* UIImageView+TKCategory.m in Sources */,
				200B62F11AD7FEF80049E35C /* UIActionSheet+TKCategory.m in Sources */,
				200B62ED1AD7FEF80049E35C /* UILabel+TKCategory.m in Sources */,
				204922B91B46EF9200C22245 /* TKTextView.m in Sources */,
				200B62E91AD7FEF80049E35C /* UIViewController+TKCategory.m in Sources */,
			);
			runOnlyForDeploymentPostprocessing = 0;
		};
		200B625C1AD7FB460049E35C /* Sources */ = {
			isa = PBXSourcesBuildPhase;
			buildActionMask = 2147483647;
			files = (
				20785F7E1AD838EE000DC57F /* NSObject+TKCategory.m in Sources */,
				20785F7C1AD838E4000DC57F /* NSArray+TKCategory.m in Sources */,
				20785F7B1AD838D3000DC57F /* NSString+TKCategory.m in Sources */,
				20785F7A1AD8388E000DC57F /* DataTests.m in Sources */,
				20785F791AD8388E000DC57F /* NSArrayTests.m in Sources */,
				200B62681AD7FB460049E35C /* curryTests.m in Sources */,
				20785F771AD8388E000DC57F /* NSStringTests.m in Sources */,
				20785F781AD8388E000DC57F /* UIViewTests.m in Sources */,
			);
			runOnlyForDeploymentPostprocessing = 0;
		};
/* End PBXSourcesBuildPhase section */

/* Begin PBXTargetDependency section */
		200B62631AD7FB460049E35C /* PBXTargetDependency */ = {
			isa = PBXTargetDependency;
			target = 200B62541AD7FB450049E35C /* curry */;
			targetProxy = 200B62621AD7FB460049E35C /* PBXContainerItemProxy */;
		};
/* End PBXTargetDependency section */

/* Begin XCBuildConfiguration section */
		200B62691AD7FB460049E35C /* Debug */ = {
			isa = XCBuildConfiguration;
			buildSettings = {
				ALWAYS_SEARCH_USER_PATHS = NO;
				CLANG_CXX_LANGUAGE_STANDARD = "gnu++0x";
				CLANG_CXX_LIBRARY = "libc++";
				CLANG_ENABLE_MODULES = YES;
				CLANG_ENABLE_OBJC_ARC = YES;
				CLANG_WARN_BOOL_CONVERSION = YES;
				CLANG_WARN_CONSTANT_CONVERSION = YES;
				CLANG_WARN_DIRECT_OBJC_ISA_USAGE = YES_ERROR;
				CLANG_WARN_EMPTY_BODY = YES;
				CLANG_WARN_ENUM_CONVERSION = YES;
				CLANG_WARN_INT_CONVERSION = YES;
				CLANG_WARN_OBJC_ROOT_CLASS = YES_ERROR;
				CLANG_WARN_UNREACHABLE_CODE = YES;
				CLANG_WARN__DUPLICATE_METHOD_MATCH = YES;
				"CODE_SIGN_IDENTITY[sdk=iphoneos*]" = "iPhone Developer";
				COPY_PHASE_STRIP = NO;
				CURRENT_PROJECT_VERSION = 1;
				DEBUG_INFORMATION_FORMAT = dwarf;
				ENABLE_STRICT_OBJC_MSGSEND = YES;
				ENABLE_TESTABILITY = YES;
				GCC_C_LANGUAGE_STANDARD = gnu99;
				GCC_DYNAMIC_NO_PIC = NO;
				GCC_NO_COMMON_BLOCKS = YES;
				GCC_OPTIMIZATION_LEVEL = 0;
				GCC_PREPROCESSOR_DEFINITIONS = (
					"DEBUG=1",
					"$(inherited)",
				);
				GCC_SYMBOLS_PRIVATE_EXTERN = NO;
				GCC_WARN_64_TO_32_BIT_CONVERSION = YES;
				GCC_WARN_ABOUT_RETURN_TYPE = YES_ERROR;
				GCC_WARN_UNDECLARED_SELECTOR = YES;
				GCC_WARN_UNINITIALIZED_AUTOS = YES_AGGRESSIVE;
				GCC_WARN_UNUSED_FUNCTION = YES;
				GCC_WARN_UNUSED_VARIABLE = YES;
				IPHONEOS_DEPLOYMENT_TARGET = 8.0;
				MTL_ENABLE_DEBUG_INFO = YES;
				ONLY_ACTIVE_ARCH = YES;
				SDKROOT = iphoneos;
				TARGETED_DEVICE_FAMILY = "1,2";
				VERSIONING_SYSTEM = "apple-generic";
				VERSION_INFO_PREFIX = "";
				WARNING_CFLAGS = "-Wobjc-designated-initializers";
			};
			name = Debug;
		};
		200B626A1AD7FB460049E35C /* Release */ = {
			isa = XCBuildConfiguration;
			buildSettings = {
				ALWAYS_SEARCH_USER_PATHS = NO;
				CLANG_CXX_LANGUAGE_STANDARD = "gnu++0x";
				CLANG_CXX_LIBRARY = "libc++";
				CLANG_ENABLE_MODULES = YES;
				CLANG_ENABLE_OBJC_ARC = YES;
				CLANG_WARN_BOOL_CONVERSION = YES;
				CLANG_WARN_CONSTANT_CONVERSION = YES;
				CLANG_WARN_DIRECT_OBJC_ISA_USAGE = YES_ERROR;
				CLANG_WARN_EMPTY_BODY = YES;
				CLANG_WARN_ENUM_CONVERSION = YES;
				CLANG_WARN_INT_CONVERSION = YES;
				CLANG_WARN_OBJC_ROOT_CLASS = YES_ERROR;
				CLANG_WARN_UNREACHABLE_CODE = YES;
				CLANG_WARN__DUPLICATE_METHOD_MATCH = YES;
				"CODE_SIGN_IDENTITY[sdk=iphoneos*]" = "iPhone Developer";
				COPY_PHASE_STRIP = NO;
				CURRENT_PROJECT_VERSION = 1;
				DEBUG_INFORMATION_FORMAT = "dwarf-with-dsym";
				ENABLE_NS_ASSERTIONS = NO;
				ENABLE_STRICT_OBJC_MSGSEND = YES;
				GCC_C_LANGUAGE_STANDARD = gnu99;
				GCC_NO_COMMON_BLOCKS = YES;
				GCC_WARN_64_TO_32_BIT_CONVERSION = YES;
				GCC_WARN_ABOUT_RETURN_TYPE = YES_ERROR;
				GCC_WARN_UNDECLARED_SELECTOR = YES;
				GCC_WARN_UNINITIALIZED_AUTOS = YES_AGGRESSIVE;
				GCC_WARN_UNUSED_FUNCTION = YES;
				GCC_WARN_UNUSED_VARIABLE = YES;
				IPHONEOS_DEPLOYMENT_TARGET = 8.0;
				MTL_ENABLE_DEBUG_INFO = NO;
				SDKROOT = iphoneos;
				TARGETED_DEVICE_FAMILY = "1,2";
				VALIDATE_PRODUCT = YES;
				VERSIONING_SYSTEM = "apple-generic";
				VERSION_INFO_PREFIX = "";
				WARNING_CFLAGS = "-Wobjc-designated-initializers";
			};
			name = Release;
		};
		200B626C1AD7FB460049E35C /* Debug */ = {
			isa = XCBuildConfiguration;
			buildSettings = {
				DEFINES_MODULE = YES;
				DYLIB_COMPATIBILITY_VERSION = 1;
				DYLIB_CURRENT_VERSION = 1;
				DYLIB_INSTALL_NAME_BASE = "@rpath";
				INFOPLIST_FILE = "curry/Supporting Files/Info.plist";
				INSTALL_PATH = "$(LOCAL_LIBRARY_DIR)/Frameworks";
				LD_RUNPATH_SEARCH_PATHS = "$(inherited) @executable_path/Frameworks @loader_path/Frameworks";
				OTHER_LDFLAGS = (
					"-ObjC",
					"-all_load",
				);
				PRODUCT_BUNDLE_IDENTIFIER = "com.devinross.$(PRODUCT_NAME:rfc1034identifier)";
				PRODUCT_NAME = "$(TARGET_NAME)";
				SKIP_INSTALL = YES;
				WARNING_CFLAGS = "-Wobjc-designated-initializers";
			};
			name = Debug;
		};
		200B626D1AD7FB460049E35C /* Release */ = {
			isa = XCBuildConfiguration;
			buildSettings = {
				DEFINES_MODULE = YES;
				DYLIB_COMPATIBILITY_VERSION = 1;
				DYLIB_CURRENT_VERSION = 1;
				DYLIB_INSTALL_NAME_BASE = "@rpath";
				INFOPLIST_FILE = "curry/Supporting Files/Info.plist";
				INSTALL_PATH = "$(LOCAL_LIBRARY_DIR)/Frameworks";
				LD_RUNPATH_SEARCH_PATHS = "$(inherited) @executable_path/Frameworks @loader_path/Frameworks";
				OTHER_LDFLAGS = (
					"-ObjC",
					"-all_load",
				);
				PRODUCT_BUNDLE_IDENTIFIER = "com.devinross.$(PRODUCT_NAME:rfc1034identifier)";
				PRODUCT_NAME = "$(TARGET_NAME)";
				SKIP_INSTALL = YES;
				WARNING_CFLAGS = "-Wobjc-designated-initializers";
			};
			name = Release;
		};
		200B626F1AD7FB460049E35C /* Debug */ = {
			isa = XCBuildConfiguration;
			buildSettings = {
				FRAMEWORK_SEARCH_PATHS = (
					"$(SDKROOT)/Developer/Library/Frameworks",
					"$(inherited)",
				);
				GCC_PREPROCESSOR_DEFINITIONS = (
					"DEBUG=1",
					"$(inherited)",
				);
				INFOPLIST_FILE = "curryTests/Supporting Files/Info.plist";
				LD_RUNPATH_SEARCH_PATHS = "$(inherited) @executable_path/Frameworks @loader_path/Frameworks";
				PRODUCT_BUNDLE_IDENTIFIER = "com.devinross.curry.$(PRODUCT_NAME:rfc1034identifier)";
				PRODUCT_NAME = "$(TARGET_NAME)";
			};
			name = Debug;
		};
		200B62701AD7FB460049E35C /* Release */ = {
			isa = XCBuildConfiguration;
			buildSettings = {
				FRAMEWORK_SEARCH_PATHS = (
					"$(SDKROOT)/Developer/Library/Frameworks",
					"$(inherited)",
				);
				INFOPLIST_FILE = "curryTests/Supporting Files/Info.plist";
				LD_RUNPATH_SEARCH_PATHS = "$(inherited) @executable_path/Frameworks @loader_path/Frameworks";
				PRODUCT_BUNDLE_IDENTIFIER = "com.devinross.curry.$(PRODUCT_NAME:rfc1034identifier)";
				PRODUCT_NAME = "$(TARGET_NAME)";
			};
			name = Release;
		};
		203FB7FC1B410DE0000D3B43 /* Debug */ = {
			isa = XCBuildConfiguration;
			buildSettings = {
				PRODUCT_NAME = "$(TARGET_NAME)";
			};
			name = Debug;
		};
		203FB7FD1B410DE0000D3B43 /* Release */ = {
			isa = XCBuildConfiguration;
			buildSettings = {
				PRODUCT_NAME = "$(TARGET_NAME)";
			};
			name = Release;
		};
/* End XCBuildConfiguration section */

/* Begin XCConfigurationList section */
		200B624F1AD7FB450049E35C /* Build configuration list for PBXProject "curry" */ = {
			isa = XCConfigurationList;
			buildConfigurations = (
				200B62691AD7FB460049E35C /* Debug */,
				200B626A1AD7FB460049E35C /* Release */,
			);
			defaultConfigurationIsVisible = 0;
			defaultConfigurationName = Release;
		};
		200B626B1AD7FB460049E35C /* Build configuration list for PBXNativeTarget "curry" */ = {
			isa = XCConfigurationList;
			buildConfigurations = (
				200B626C1AD7FB460049E35C /* Debug */,
				200B626D1AD7FB460049E35C /* Release */,
			);
			defaultConfigurationIsVisible = 0;
			defaultConfigurationName = Release;
		};
		200B626E1AD7FB460049E35C /* Build configuration list for PBXNativeTarget "curryTests" */ = {
			isa = XCConfigurationList;
			buildConfigurations = (
				200B626F1AD7FB460049E35C /* Debug */,
				200B62701AD7FB460049E35C /* Release */,
			);
			defaultConfigurationIsVisible = 0;
			defaultConfigurationName = Release;
		};
		203FB7FB1B410DE0000D3B43 /* Build configuration list for PBXAggregateTarget "Documentation" */ = {
			isa = XCConfigurationList;
			buildConfigurations = (
				203FB7FC1B410DE0000D3B43 /* Debug */,
				203FB7FD1B410DE0000D3B43 /* Release */,
			);
			defaultConfigurationIsVisible = 0;
			defaultConfigurationName = Release;
		};
/* End XCConfigurationList section */
	};
	rootObject = 200B624C1AD7FB450049E35C /* Project object */;
}
