// !$*UTF8*$!
{
	archiveVersion = 1;
	classes = {
	};
	objectVersion = 46;
	objects = {

/* Begin PBXBuildFile section */
		207394241B14FC1600DBA74A /* CustomKeyboardViewController.m in Sources */ = {isa = PBXBuildFile; fileRef = 207394231B14FC1600DBA74A /* CustomKeyboardViewController.m */; };
		20785FC51AD83BBE000DC57F /* AppDelegate.swift in Sources */ = {isa = PBXBuildFile; fileRef = 20785FC41AD83BBE000DC57F /* AppDelegate.swift */; };
		20785FCC1AD83BBE000DC57F /* Images.xcassets in Resources */ = {isa = PBXBuildFile; fileRef = 20785FCB1AD83BBE000DC57F /* Images.xcassets */; };
		20785FEC1AD83C63000DC57F /* RootTableViewController.m in Sources */ = {isa = PBXBuildFile; fileRef = 20785FEB1AD83C63000DC57F /* RootTableViewController.m */; };
		20785FF61AD83D0C000DC57F /* curry.framework in Frameworks */ = {isa = PBXBuildFile; fileRef = 20785FF31AD83CEE000DC57F /* curry.framework */; };
		20785FF71AD83D0C000DC57F /* curry.framework in Embed Frameworks */ = {isa = PBXBuildFile; fileRef = 20785FF31AD83CEE000DC57F /* curry.framework */; settings = {ATTRIBUTES = (CodeSignOnCopy, RemoveHeadersOnCopy, ); }; };
		20785FFD1AD83DC1000DC57F /* CreditCardEntryViewController.m in Sources */ = {isa = PBXBuildFile; fileRef = 20785FFC1AD83DC1000DC57F /* CreditCardEntryViewController.m */; };
		2097F35C1B3DA3F100247736 /* VideoViewController.m in Sources */ = {isa = PBXBuildFile; fileRef = 2097F35B1B3DA3F100247736 /* VideoViewController.m */; };
		20CB9CF81AF3EA47002E9F1C /* BlocksViewController.m in Sources */ = {isa = PBXBuildFile; fileRef = 20CB9CF71AF3EA47002E9F1C /* BlocksViewController.m */; };
		20EC669D1B3DAD1D0027D6A2 /* balllin.mov in Resources */ = {isa = PBXBuildFile; fileRef = 20EC669C1B3DAD1D0027D6A2 /* balllin.mov */; };
		20F19B1D1AE080F700077DA1 /* GesturesViewController.m in Sources */ = {isa = PBXBuildFile; fileRef = 20F19B1C1AE080F700077DA1 /* GesturesViewController.m */; };
/* End PBXBuildFile section */

/* Begin PBXContainerItemProxy section */
		20785FF21AD83CEE000DC57F /* PBXContainerItemProxy */ = {
			isa = PBXContainerItemProxy;
			containerPortal = 20785FED1AD83CED000DC57F /* curry.xcodeproj */;
			proxyType = 2;
			remoteGlobalIDString = 200B62551AD7FB460049E35C;
			remoteInfo = curry;
		};
		20785FF41AD83CEE000DC57F /* PBXContainerItemProxy */ = {
			isa = PBXContainerItemProxy;
			containerPortal = 20785FED1AD83CED000DC57F /* curry.xcodeproj */;
			proxyType = 2;
			remoteGlobalIDString = 200B62601AD7FB460049E35C;
			remoteInfo = curryTests;
		};
		20785FF81AD83D0C000DC57F /* PBXContainerItemProxy */ = {
			isa = PBXContainerItemProxy;
			containerPortal = 20785FED1AD83CED000DC57F /* curry.xcodeproj */;
			proxyType = 1;
			remoteGlobalIDString = 200B62541AD7FB450049E35C;
			remoteInfo = curry;
		};
/* End PBXContainerItemProxy section */

/* Begin PBXCopyFilesBuildPhase section */
		20785FFA1AD83D0C000DC57F /* Embed Frameworks */ = {
			isa = PBXCopyFilesBuildPhase;
			buildActionMask = 2147483647;
			dstPath = "";
			dstSubfolderSpec = 10;
			files = (
				20785FF71AD83D0C000DC57F /* curry.framework in Embed Frameworks */,
			);
			name = "Embed Frameworks";
			runOnlyForDeploymentPostprocessing = 0;
		};
/* End PBXCopyFilesBuildPhase section */

/* Begin PBXFileReference section */
		207394221B14FC1600DBA74A /* CustomKeyboardViewController.h */ = {isa = PBXFileReference; fileEncoding = 4; lastKnownFileType = sourcecode.c.h; path = CustomKeyboardViewController.h; sourceTree = "<group>"; };
		207394231B14FC1600DBA74A /* CustomKeyboardViewController.m */ = {isa = PBXFileReference; fileEncoding = 4; lastKnownFileType = sourcecode.c.objc; path = CustomKeyboardViewController.m; sourceTree = "<group>"; };
		20785FBF1AD83BBE000DC57F /* Examples.app */ = {isa = PBXFileReference; explicitFileType = wrapper.application; includeInIndex = 0; path = Examples.app; sourceTree = BUILT_PRODUCTS_DIR; };
		20785FC31AD83BBE000DC57F /* Info.plist */ = {isa = PBXFileReference; lastKnownFileType = text.plist.xml; path = Info.plist; sourceTree = "<group>"; };
		20785FC41AD83BBE000DC57F /* AppDelegate.swift */ = {isa = PBXFileReference; lastKnownFileType = sourcecode.swift; path = AppDelegate.swift; sourceTree = "<group>"; };
		20785FCB1AD83BBE000DC57F /* Images.xcassets */ = {isa = PBXFileReference; lastKnownFileType = folder.assetcatalog; path = Images.xcassets; sourceTree = "<group>"; };
		20785FE91AD83C0E000DC57F /* Bridging-Header.h */ = {isa = PBXFileReference; lastKnownFileType = sourcecode.c.h; path = "Bridging-Header.h"; sourceTree = "<group>"; };
		20785FEA1AD83C63000DC57F /* RootTableViewController.h */ = {isa = PBXFileReference; fileEncoding = 4; lastKnownFileType = sourcecode.c.h; path = RootTableViewController.h; sourceTree = "<group>"; };
		20785FEB1AD83C63000DC57F /* RootTableViewController.m */ = {isa = PBXFileReference; fileEncoding = 4; lastKnownFileType = sourcecode.c.objc; path = RootTableViewController.m; sourceTree = "<group>"; };
		20785FED1AD83CED000DC57F /* curry.xcodeproj */ = {isa = PBXFileReference; lastKnownFileType = "wrapper.pb-project"; name = curry.xcodeproj; path = ../curry.xcodeproj; sourceTree = "<group>"; };
		20785FFB1AD83DC1000DC57F /* CreditCardEntryViewController.h */ = {isa = PBXFileReference; fileEncoding = 4; lastKnownFileType = sourcecode.c.h; path = CreditCardEntryViewController.h; sourceTree = "<group>"; };
		20785FFC1AD83DC1000DC57F /* CreditCardEntryViewController.m */ = {isa = PBXFileReference; fileEncoding = 4; lastKnownFileType = sourcecode.c.objc; path = CreditCardEntryViewController.m; sourceTree = "<group>"; };
		2097F35A1B3DA3F100247736 /* VideoViewController.h */ = {isa = PBXFileReference; fileEncoding = 4; lastKnownFileType = sourcecode.c.h; path = VideoViewController.h; sourceTree = "<group>"; };
		2097F35B1B3DA3F100247736 /* VideoViewController.m */ = {isa = PBXFileReference; fileEncoding = 4; lastKnownFileType = sourcecode.c.objc; path = VideoViewController.m; sourceTree = "<group>"; };
		20CB9CF61AF3EA47002E9F1C /* BlocksViewController.h */ = {isa = PBXFileReference; fileEncoding = 4; lastKnownFileType = sourcecode.c.h; path = BlocksViewController.h; sourceTree = "<group>"; };
		20CB9CF71AF3EA47002E9F1C /* BlocksViewController.m */ = {isa = PBXFileReference; fileEncoding = 4; lastKnownFileType = sourcecode.c.objc; path = BlocksViewController.m; sourceTree = "<group>"; };
		20EC669C1B3DAD1D0027D6A2 /* balllin.mov */ = {isa = PBXFileReference; lastKnownFileType = video.quicktime; path = balllin.mov; sourceTree = "<group>"; };
		20F19B1B1AE080F700077DA1 /* GesturesViewController.h */ = {isa = PBXFileReference; fileEncoding = 4; lastKnownFileType = sourcecode.c.h; path = GesturesViewController.h; sourceTree = "<group>"; };
		20F19B1C1AE080F700077DA1 /* GesturesViewController.m */ = {isa = PBXFileReference; fileEncoding = 4; lastKnownFileType = sourcecode.c.objc; path = GesturesViewController.m; sourceTree = "<group>"; };
/* End PBXFileReference section */

/* Begin PBXFrameworksBuildPhase section */
		20785FBC1AD83BBE000DC57F /* Frameworks */ = {
			isa = PBXFrameworksBuildPhase;
			buildActionMask = 2147483647;
			files = (
				20785FF61AD83D0C000DC57F /* curry.framework in Frameworks */,
			);
			runOnlyForDeploymentPostprocessing = 0;
		};
/* End PBXFrameworksBuildPhase section */

/* Begin PBXGroup section */
		20785FB61AD83BBE000DC57F = {
			isa = PBXGroup;
			children = (
				20785FED1AD83CED000DC57F /* curry.xcodeproj */,
				20785FC11AD83BBE000DC57F /* Examples */,
				20785FC01AD83BBE000DC57F /* Products */,
			);
			sourceTree = "<group>";
		};
		20785FC01AD83BBE000DC57F /* Products */ = {
			isa = PBXGroup;
			children = (
				20785FBF1AD83BBE000DC57F /* Examples.app */,
			);
			name = Products;
			sourceTree = "<group>";
		};
		20785FC11AD83BBE000DC57F /* Examples */ = {
			isa = PBXGroup;
			children = (
				20785FC41AD83BBE000DC57F /* AppDelegate.swift */,
				20785FEA1AD83C63000DC57F /* RootTableViewController.h */,
				20785FEB1AD83C63000DC57F /* RootTableViewController.m */,
				20785FFB1AD83DC1000DC57F /* CreditCardEntryViewController.h */,
				20785FFC1AD83DC1000DC57F /* CreditCardEntryViewController.m */,
				20F19B1B1AE080F700077DA1 /* GesturesViewController.h */,
				20F19B1C1AE080F700077DA1 /* GesturesViewController.m */,
				207394221B14FC1600DBA74A /* CustomKeyboardViewController.h */,
				207394231B14FC1600DBA74A /* CustomKeyboardViewController.m */,
				20CB9CF61AF3EA47002E9F1C /* BlocksViewController.h */,
				20CB9CF71AF3EA47002E9F1C /* BlocksViewController.m */,
				2097F35A1B3DA3F100247736 /* VideoViewController.h */,
				2097F35B1B3DA3F100247736 /* VideoViewController.m */,
				20785FC21AD83BBE000DC57F /* Supporting Files */,
			);
			path = Examples;
			sourceTree = "<group>";
		};
		20785FC21AD83BBE000DC57F /* Supporting Files */ = {
			isa = PBXGroup;
			children = (
				20EC669A1B3DAD1D0027D6A2 /* Assets */,
				20785FE91AD83C0E000DC57F /* Bridging-Header.h */,
				20785FCB1AD83BBE000DC57F /* Images.xcassets */,
				20785FC31AD83BBE000DC57F /* Info.plist */,
			);
			name = "Supporting Files";
			sourceTree = "<group>";
		};
		20785FEE1AD83CED000DC57F /* Products */ = {
			isa = PBXGroup;
			children = (
				20785FF31AD83CEE000DC57F /* curry.framework */,
				20785FF51AD83CEE000DC57F /* curryTests.xctest */,
			);
			name = Products;
			sourceTree = "<group>";
		};
		20EC669A1B3DAD1D0027D6A2 /* Assets */ = {
			isa = PBXGroup;
			children = (
				20EC669B1B3DAD1D0027D6A2 /* Video */,
			);
			path = Assets;
			sourceTree = SOURCE_ROOT;
		};
		20EC669B1B3DAD1D0027D6A2 /* Video */ = {
			isa = PBXGroup;
			children = (
				20EC669C1B3DAD1D0027D6A2 /* balllin.mov */,
			);
			path = Video;
			sourceTree = "<group>";
		};
/* End PBXGroup section */

/* Begin PBXNativeTarget section */
		20785FBE1AD83BBE000DC57F /* Examples */ = {
			isa = PBXNativeTarget;
			buildConfigurationList = 20785FDE1AD83BBE000DC57F /* Build configuration list for PBXNativeTarget "Examples" */;
			buildPhases = (
				20785FBB1AD83BBE000DC57F /* Sources */,
				20785FBC1AD83BBE000DC57F /* Frameworks */,
				20785FBD1AD83BBE000DC57F /* Resources */,
				20785FFA1AD83D0C000DC57F /* Embed Frameworks */,
			);
			buildRules = (
			);
			dependencies = (
				20785FF91AD83D0C000DC57F /* PBXTargetDependency */,
			);
			name = Examples;
			productName = Examples;
			productReference = 20785FBF1AD83BBE000DC57F /* Examples.app */;
			productType = "com.apple.product-type.application";
		};
/* End PBXNativeTarget section */

/* Begin PBXProject section */
		20785FB71AD83BBE000DC57F /* Project object */ = {
			isa = PBXProject;
			attributes = {
				LastSwiftUpdateCheck = 0700;
				LastUpgradeCheck = 0630;
				ORGANIZATIONNAME = "Devin Ross";
				TargetAttributes = {
					20785FBE1AD83BBE000DC57F = {
						CreatedOnToolsVersion = 6.3;
					};
				};
			};
			buildConfigurationList = 20785FBA1AD83BBE000DC57F /* Build configuration list for PBXProject "Examples" */;
			compatibilityVersion = "Xcode 3.2";
			developmentRegion = English;
			hasScannedForEncodings = 0;
			knownRegions = (
				en,
				Base,
			);
			mainGroup = 20785FB61AD83BBE000DC57F;
			productRefGroup = 20785FC01AD83BBE000DC57F /* Products */;
			projectDirPath = "";
			projectReferences = (
				{
					ProductGroup = 20785FEE1AD83CED000DC57F /* Products */;
					ProjectRef = 20785FED1AD83CED000DC57F /* curry.xcodeproj */;
				},
			);
			projectRoot = "";
			targets = (
				20785FBE1AD83BBE000DC57F /* Examples */,
			);
		};
/* End PBXProject section */

/* Begin PBXReferenceProxy section */
		20785FF31AD83CEE000DC57F /* curry.framework */ = {
			isa = PBXReferenceProxy;
			fileType = wrapper.framework;
			path = curry.framework;
			remoteRef = 20785FF21AD83CEE000DC57F /* PBXContainerItemProxy */;
			sourceTree = BUILT_PRODUCTS_DIR;
		};
		20785FF51AD83CEE000DC57F /* curryTests.xctest */ = {
			isa = PBXReferenceProxy;
			fileType = wrapper.cfbundle;
			path = curryTests.xctest;
			remoteRef = 20785FF41AD83CEE000DC57F /* PBXContainerItemProxy */;
			sourceTree = BUILT_PRODUCTS_DIR;
		};
/* End PBXReferenceProxy section */

/* Begin PBXResourcesBuildPhase section */
		20785FBD1AD83BBE000DC57F /* Resources */ = {
			isa = PBXResourcesBuildPhase;
			buildActionMask = 2147483647;
			files = (
				20785FCC1AD83BBE000DC57F /* Images.xcassets in Resources */,
				20EC669D1B3DAD1D0027D6A2 /* balllin.mov in Resources */,
			);
			runOnlyForDeploymentPostprocessing = 0;
		};
/* End PBXResourcesBuildPhase section */

/* Begin PBXSourcesBuildPhase section */
		20785FBB1AD83BBE000DC57F /* Sources */ = {
			isa = PBXSourcesBuildPhase;
			buildActionMask = 2147483647;
			files = (
				20F19B1D1AE080F700077DA1 /* GesturesViewController.m in Sources */,
				20785FC51AD83BBE000DC57F /* AppDelegate.swift in Sources */,
				20CB9CF81AF3EA47002E9F1C /* BlocksViewController.m in Sources */,
				20785FEC1AD83C63000DC57F /* RootTableViewController.m in Sources */,
				2097F35C1B3DA3F100247736 /* VideoViewController.m in Sources */,
				207394241B14FC1600DBA74A /* CustomKeyboardViewController.m in Sources */,
				20785FFD1AD83DC1000DC57F /* CreditCardEntryViewController.m in Sources */,
			);
			runOnlyForDeploymentPostprocessing = 0;
		};
/* End PBXSourcesBuildPhase section */

/* Begin PBXTargetDependency section */
		20785FF91AD83D0C000DC57F /* PBXTargetDependency */ = {
			isa = PBXTargetDependency;
			name = curry;
			targetProxy = 20785FF81AD83D0C000DC57F /* PBXContainerItemProxy */;
		};
/* End PBXTargetDependency section */

/* Begin XCBuildConfiguration section */
		20785FDC1AD83BBE000DC57F /* Debug */ = {
			isa = XCBuildConfiguration;
			buildSettings = {
				ALWAYS_SEARCH_USER_PATHS = NO;
				CLANG_CXX_LANGUAGE_STANDARD = "gnu++0x";
				CLANG_CXX_LIBRARY = "libc++";
				CLANG_ENABLE_MODULES = YES;
				CLANG_ENABLE_OBJC_ARC = YES;
				CLANG_WARN_BOOL_CONVERSION = YES;
				CLANG_WARN_CONSTANT_CONVERSION = YES;
				CLANG_WARN_DIRECT_OBJC_ISA_USAGE = YES_ERROR;
				CLANG_WARN_EMPTY_BODY = YES;
				CLANG_WARN_ENUM_CONVERSION = YES;
				CLANG_WARN_INT_CONVERSION = YES;
				CLANG_WARN_OBJC_ROOT_CLASS = YES_ERROR;
				CLANG_WARN_UNREACHABLE_CODE = YES;
				CLANG_WARN__DUPLICATE_METHOD_MATCH = YES;
				"CODE_SIGN_IDENTITY[sdk=iphoneos*]" = "iPhone Developer";
				COPY_PHASE_STRIP = NO;
				DEBUG_INFORMATION_FORMAT = dwarf;
				ENABLE_STRICT_OBJC_MSGSEND = YES;
				GCC_C_LANGUAGE_STANDARD = gnu99;
				GCC_DYNAMIC_NO_PIC = NO;
				GCC_NO_COMMON_BLOCKS = YES;
				GCC_OPTIMIZATION_LEVEL = 0;
				GCC_PREPROCESSOR_DEFINITIONS = (
					"DEBUG=1",
					"$(inherited)",
				);
				GCC_SYMBOLS_PRIVATE_EXTERN = NO;
				GCC_WARN_64_TO_32_BIT_CONVERSION = YES;
				GCC_WARN_ABOUT_RETURN_TYPE = YES_ERROR;
				GCC_WARN_UNDECLARED_SELECTOR = YES;
				GCC_WARN_UNINITIALIZED_AUTOS = YES_AGGRESSIVE;
				GCC_WARN_UNUSED_FUNCTION = YES;
				GCC_WARN_UNUSED_VARIABLE = YES;
				IPHONEOS_DEPLOYMENT_TARGET = 8.3;
				MTL_ENABLE_DEBUG_INFO = YES;
				ONLY_ACTIVE_ARCH = YES;
				SDKROOT = iphoneos;
				SWIFT_OPTIMIZATION_LEVEL = "-Onone";
			};
			name = Debug;
		};
		20785FDD1AD83BBE000DC57F /* Release */ = {
			isa = XCBuildConfiguration;
			buildSettings = {
				ALWAYS_SEARCH_USER_PATHS = NO;
				CLANG_CXX_LANGUAGE_STANDARD = "gnu++0x";
				CLANG_CXX_LIBRARY = "libc++";
				CLANG_ENABLE_MODULES = YES;
				CLANG_ENABLE_OBJC_ARC = YES;
				CLANG_WARN_BOOL_CONVERSION = YES;
				CLANG_WARN_CONSTANT_CONVERSION = YES;
				CLANG_WARN_DIRECT_OBJC_ISA_USAGE = YES_ERROR;
				CLANG_WARN_EMPTY_BODY = YES;
				CLANG_WARN_ENUM_CONVERSION = YES;
				CLANG_WARN_INT_CONVERSION = YES;
				CLANG_WARN_OBJC_ROOT_CLASS = YES_ERROR;
				CLANG_WARN_UNREACHABLE_CODE = YES;
				CLANG_WARN__DUPLICATE_METHOD_MATCH = YES;
				"CODE_SIGN_IDENTITY[sdk=iphoneos*]" = "iPhone Developer";
				COPY_PHASE_STRIP = NO;
				DEBUG_INFORMATION_FORMAT = "dwarf-with-dsym";
				ENABLE_NS_ASSERTIONS = NO;
				ENABLE_STRICT_OBJC_MSGSEND = YES;
				GCC_C_LANGUAGE_STANDARD = gnu99;
				GCC_NO_COMMON_BLOCKS = YES;
				GCC_WARN_64_TO_32_BIT_CONVERSION = YES;
				GCC_WARN_ABOUT_RETURN_TYPE = YES_ERROR;
				GCC_WARN_UNDECLARED_SELECTOR = YES;
				GCC_WARN_UNINITIALIZED_AUTOS = YES_AGGRESSIVE;
				GCC_WARN_UNUSED_FUNCTION = YES;
				GCC_WARN_UNUSED_VARIABLE = YES;
				IPHONEOS_DEPLOYMENT_TARGET = 8.3;
				MTL_ENABLE_DEBUG_INFO = NO;
				SDKROOT = iphoneos;
				VALIDATE_PRODUCT = YES;
			};
			name = Release;
		};
		20785FDF1AD83BBE000DC57F /* Debug */ = {
			isa = XCBuildConfiguration;
			buildSettings = {
				ASSETCATALOG_COMPILER_APPICON_NAME = AppIcon;
				ASSETCATALOG_COMPILER_LAUNCHIMAGE_NAME = LaunchImage;
				INFOPLIST_FILE = Examples/Info.plist;
				LD_RUNPATH_SEARCH_PATHS = "$(inherited) @executable_path/Frameworks";
				PRODUCT_NAME = "$(TARGET_NAME)";
				SWIFT_OBJC_BRIDGING_HEADER = "Examples/Bridging-Header.h";
			};
			name = Debug;
		};
		20785FE01AD83BBE000DC57F /* Release */ = {
			isa = XCBuildConfiguration;
			buildSettings = {
				ASSETCATALOG_COMPILER_APPICON_NAME = AppIcon;
				ASSETCATALOG_COMPILER_LAUNCHIMAGE_NAME = LaunchImage;
				INFOPLIST_FILE = Examples/Info.plist;
				LD_RUNPATH_SEARCH_PATHS = "$(inherited) @executable_path/Frameworks";
				PRODUCT_NAME = "$(TARGET_NAME)";
				SWIFT_OBJC_BRIDGING_HEADER = "Examples/Bridging-Header.h";
			};
			name = Release;
		};
/* End XCBuildConfiguration section */

/* Begin XCConfigurationList section */
		20785FBA1AD83BBE000DC57F /* Build configuration list for PBXProject "Examples" */ = {
			isa = XCConfigurationList;
			buildConfigurations = (
				20785FDC1AD83BBE000DC57F /* Debug */,
				20785FDD1AD83BBE000DC57F /* Release */,
			);
			defaultConfigurationIsVisible = 0;
			defaultConfigurationName = Release;
		};
		20785FDE1AD83BBE000DC57F /* Build configuration list for PBXNativeTarget "Examples" */ = {
			isa = XCConfigurationList;
			buildConfigurations = (
				20785FDF1AD83BBE000DC57F /* Debug */,
				20785FE01AD83BBE000DC57F /* Release */,
			);
			defaultConfigurationIsVisible = 0;
			defaultConfigurationName = Release;
		};
/* End XCConfigurationList section */
	};
	rootObject = 20785FB71AD83BBE000DC57F /* Project object */;
}
